{
  "version": 4,
  "terraform_version": "1.3.5",
  "serial": 448,
  "lineage": "03c3f274-9129-20ca-1e7a-44b94ae86cad",
  "outputs": {
    "app_server_loadbalancer": {
      "value": "app-server-elb-1509210083.us-east-1.elb.amazonaws.com",
      "type": "string"
    },
    "efs_clixx_dnsname": {
      "value": "fs-0c4afd7555ad4c343.efs.us-east-1.amazonaws.com",
      "type": "string"
    },
    "efs_clixx_output": {
      "value": "fs-0c4afd7555ad4c343",
      "type": "string"
    },
    "efs_clixx_output2": {
      "value": "fs-0c4afd7555ad4c343",
      "type": "string"
    },
    "new_host": {
      "value": "wordpressdbclixxretailapp.cyk0nmsdaqxd.us-east-1.rds.amazonaws.com:3306",
      "type": "string"
    }
  },
  "resources": [
    {
      "mode": "data",
      "type": "aws_caller_identity",
      "name": "current_account",
      "provider": "provider[\"registry.terraform.io/hashicorp/aws\"]",
      "instances": [
        {
          "schema_version": 0,
          "attributes": {
            "account_id": "315407446881",
            "arn": "arn:aws:sts::315407446881:assumed-role/Engineer/aws-go-sdk-1675292800264641900",
            "id": "315407446881",
            "user_id": "AROAUS357WNQ7P6MR5YEG:aws-go-sdk-1675292800264641900"
          },
          "sensitive_attributes": []
        }
      ]
    },
    {
      "mode": "data",
      "type": "aws_db_snapshot",
      "name": "database_snapshot",
      "provider": "provider[\"registry.terraform.io/hashicorp/aws\"]",
      "instances": [
        {
          "schema_version": 0,
          "attributes": {
            "allocated_storage": 20,
            "availability_zone": "us-east-1a",
            "db_instance_identifier": "wordpressdbclixx",
            "db_snapshot_arn": "arn:aws:rds:us-east-1:315407446881:snapshot:newrdsdbpress",
            "db_snapshot_identifier": "newrdsdbpress",
            "encrypted": false,
            "engine": "mysql",
            "engine_version": "8.0.20",
            "id": "newrdsdbpress",
            "include_public": false,
            "include_shared": false,
            "iops": 0,
            "kms_key_id": "",
            "license_model": "general-public-license",
            "most_recent": true,
            "option_group_name": "",
            "port": 3306,
            "snapshot_create_time": "2023-01-21T22:54:06Z",
            "snapshot_type": "manual",
            "source_db_snapshot_identifier": "arn:aws:rds:us-east-1:577701061234:snapshot:wordpressdbclixxsnap",
            "source_region": "us-east-1",
            "status": "available",
            "storage_type": "gp2",
            "vpc_id": ""
          },
          "sensitive_attributes": []
        }
      ]
    },
    {
      "mode": "managed",
      "type": "aws_autoscaling_attachment",
      "name": "autoscaling-target-attach",
      "provider": "provider[\"registry.terraform.io/hashicorp/aws\"]",
      "instances": [
        {
          "schema_version": 0,
          "attributes": {
            "alb_target_group_arn": null,
            "autoscaling_group_name": "appserver-autoscaling-group",
            "elb": null,
            "id": "appserver-autoscaling-group-20230201231349258100000006",
            "lb_target_group_arn": "arn:aws:elasticloadbalancing:us-east-1:315407446881:targetgroup/my-target-group/74bde89652da016f"
          },
          "sensitive_attributes": [],
          "private": "bnVsbA==",
          "dependencies": [
            "aws_autoscaling_group.app-server-asg",
            "aws_db_instance.database-instance",
            "aws_db_subnet_group.rds-subnet-group",
            "aws_efs_file_system.app-server-efs",
            "aws_key_pair.appserver-instance-kp",
            "aws_launch_template.app_server_template",
            "aws_lb.app_server_elb",
            "aws_lb_target_group.target_group_priv",
            "aws_security_group.elb-sg",
            "aws_security_group.rds-instance-sg",
            "aws_security_group.server-lt-sg",
            "aws_subnet.app_server_private_az1",
            "aws_subnet.public_az1",
            "aws_subnet.public_az2",
            "aws_subnet.rds_private_az1",
            "aws_subnet.rds_private_az2",
            "aws_vpc.main-vpc",
            "data.aws_caller_identity.current_account",
            "data.aws_db_snapshot.database_snapshot"
          ]
        }
      ]
    },
    {
      "mode": "managed",
      "type": "aws_autoscaling_group",
      "name": "app-server-asg",
      "provider": "provider[\"registry.terraform.io/hashicorp/aws\"]",
      "instances": [
        {
          "schema_version": 0,
          "attributes": {
            "arn": "arn:aws:autoscaling:us-east-1:315407446881:autoScalingGroup:eb584c2d-2cc9-487f-b932-e96f724311d7:autoScalingGroupName/appserver-autoscaling-group",
            "availability_zones": [
              "us-east-1a"
            ],
            "capacity_rebalance": false,
            "context": "",
            "default_cooldown": 300,
            "default_instance_warmup": 0,
            "desired_capacity": 2,
            "desired_capacity_type": "",
            "enabled_metrics": null,
            "force_delete": false,
            "force_delete_warm_pool": false,
            "health_check_grace_period": 30,
            "health_check_type": "EC2",
            "id": "appserver-autoscaling-group",
            "initial_lifecycle_hook": [],
            "instance_refresh": [],
            "launch_configuration": "",
            "launch_template": [
              {
                "id": "lt-0085e133afc4f347c",
                "name": "app_server",
                "version": ""
              }
            ],
            "load_balancers": null,
            "max_instance_lifetime": 0,
            "max_size": 10,
            "metrics_granularity": "1Minute",
            "min_elb_capacity": null,
            "min_size": 2,
            "mixed_instances_policy": [],
            "name": "appserver-autoscaling-group",
            "name_prefix": "",
            "placement_group": "",
            "protect_from_scale_in": false,
            "service_linked_role_arn": "arn:aws:iam::315407446881:role/aws-service-role/autoscaling.amazonaws.com/AWSServiceRoleForAutoScaling",
            "suspended_processes": null,
            "tag": [
              {
                "key": "Name",
                "propagate_at_launch": true,
                "value": "app_server_instance"
              }
            ],
            "tags": null,
            "target_group_arns": [
              "arn:aws:elasticloadbalancing:us-east-1:315407446881:targetgroup/my-target-group/74bde89652da016f"
            ],
            "termination_policies": null,
            "timeouts": null,
            "vpc_zone_identifier": [
              "subnet-0033d7298f0b88186"
            ],
            "wait_for_capacity_timeout": "10m",
            "wait_for_elb_capacity": null,
            "warm_pool": []
          },
          "sensitive_attributes": [],
          "private": "eyJlMmJmYjczMC1lY2FhLTExZTYtOGY4OC0zNDM2M2JjN2M0YzAiOnsiZGVsZXRlIjo2MDAwMDAwMDAwMDAsInVwZGF0ZSI6NjAwMDAwMDAwMDAwfX0=",
          "dependencies": [
            "aws_db_instance.database-instance",
            "aws_db_subnet_group.rds-subnet-group",
            "aws_efs_file_system.app-server-efs",
            "aws_key_pair.appserver-instance-kp",
            "aws_launch_template.app_server_template",
            "aws_lb.app_server_elb",
            "aws_lb_target_group.target_group_priv",
            "aws_security_group.elb-sg",
            "aws_security_group.rds-instance-sg",
            "aws_security_group.server-lt-sg",
            "aws_subnet.app_server_private_az1",
            "aws_subnet.public_az1",
            "aws_subnet.public_az2",
            "aws_subnet.rds_private_az1",
            "aws_subnet.rds_private_az2",
            "aws_vpc.main-vpc",
            "data.aws_caller_identity.current_account",
            "data.aws_db_snapshot.database_snapshot"
          ]
        }
      ]
    },
    {
      "mode": "managed",
      "type": "aws_autoscaling_group",
      "name": "bastion_server_asg",
      "provider": "provider[\"registry.terraform.io/hashicorp/aws\"]",
      "instances": [
        {
          "schema_version": 0,
          "attributes": {
            "arn": "arn:aws:autoscaling:us-east-1:315407446881:autoScalingGroup:959558c2-82f8-4813-b7df-a16bb098185a:autoScalingGroupName/terraform-20230201230703870500000004",
            "availability_zones": [
              "us-east-1a",
              "us-east-1b"
            ],
            "capacity_rebalance": false,
            "context": "",
            "default_cooldown": 300,
            "default_instance_warmup": 0,
            "desired_capacity": 1,
            "desired_capacity_type": "",
            "enabled_metrics": null,
            "force_delete": false,
            "force_delete_warm_pool": false,
            "health_check_grace_period": 30,
            "health_check_type": "EC2",
            "id": "terraform-20230201230703870500000004",
            "initial_lifecycle_hook": [],
            "instance_refresh": [],
            "launch_configuration": "",
            "launch_template": [
              {
                "id": "lt-0e9074f2c876d2460",
                "name": "bastion-az1-dev",
                "version": ""
              }
            ],
            "load_balancers": null,
            "max_instance_lifetime": 0,
            "max_size": 2,
            "metrics_granularity": "1Minute",
            "min_elb_capacity": null,
            "min_size": 1,
            "mixed_instances_policy": [],
            "name": "terraform-20230201230703870500000004",
            "name_prefix": "terraform-",
            "placement_group": "",
            "protect_from_scale_in": false,
            "service_linked_role_arn": "arn:aws:iam::315407446881:role/aws-service-role/autoscaling.amazonaws.com/AWSServiceRoleForAutoScaling",
            "suspended_processes": null,
            "tag": [
              {
                "key": "Name",
                "propagate_at_launch": true,
                "value": "bastion_server_instance"
              }
            ],
            "tags": null,
            "target_group_arns": null,
            "termination_policies": null,
            "timeouts": null,
            "vpc_zone_identifier": [
              "subnet-004d4b86c67cf8085",
              "subnet-0ffb2f9463d31a09e"
            ],
            "wait_for_capacity_timeout": "10m",
            "wait_for_elb_capacity": null,
            "warm_pool": []
          },
          "sensitive_attributes": [],
          "private": "eyJlMmJmYjczMC1lY2FhLTExZTYtOGY4OC0zNDM2M2JjN2M0YzAiOnsiZGVsZXRlIjo2MDAwMDAwMDAwMDAsInVwZGF0ZSI6NjAwMDAwMDAwMDAwfX0=",
          "dependencies": [
            "aws_key_pair.bastion-instance-kp",
            "aws_launch_template.bastion_server_template",
            "aws_security_group.bastion-server-sg",
            "aws_subnet.public_az1",
            "aws_subnet.public_az2",
            "aws_vpc.main-vpc",
            "data.aws_caller_identity.current_account"
          ],
          "create_before_destroy": true
        }
      ]
    },
    {
      "mode": "managed",
      "type": "aws_autoscaling_policy",
      "name": "bastion-as-policy",
      "provider": "provider[\"registry.terraform.io/hashicorp/aws\"]",
      "instances": [
        {
          "schema_version": 0,
          "attributes": {
            "adjustment_type": "",
            "arn": "arn:aws:autoscaling:us-east-1:315407446881:scalingPolicy:714fcbfd-9695-4174-a07c-e88acfc79382:autoScalingGroupName/terraform-20230201230703870500000004:policyName/bastion-as-policy",
            "autoscaling_group_name": "terraform-20230201230703870500000004",
            "cooldown": 0,
            "enabled": true,
            "estimated_instance_warmup": 0,
            "id": "bastion-as-policy",
            "metric_aggregation_type": "",
            "min_adjustment_magnitude": 0,
            "name": "bastion-as-policy",
            "policy_type": "TargetTrackingScaling",
            "predictive_scaling_configuration": [],
            "scaling_adjustment": 0,
            "step_adjustment": [],
            "target_tracking_configuration": [
              {
                "customized_metric_specification": [],
                "disable_scale_in": false,
                "predefined_metric_specification": [
                  {
                    "predefined_metric_type": "ASGAverageCPUUtilization",
                    "resource_label": ""
                  }
                ],
                "target_value": 50
              }
            ]
          },
          "sensitive_attributes": [],
          "private": "bnVsbA==",
          "dependencies": [
            "aws_autoscaling_group.bastion_server_asg",
            "aws_key_pair.bastion-instance-kp",
            "aws_launch_template.bastion_server_template",
            "aws_security_group.bastion-server-sg",
            "aws_subnet.public_az1",
            "aws_subnet.public_az2",
            "aws_vpc.main-vpc",
            "data.aws_caller_identity.current_account"
          ]
        }
      ]
    },
    {
      "mode": "managed",
      "type": "aws_autoscaling_policy",
      "name": "clixx-as-policy",
      "provider": "provider[\"registry.terraform.io/hashicorp/aws\"]",
      "instances": [
        {
          "schema_version": 0,
          "attributes": {
            "adjustment_type": "",
            "arn": "arn:aws:autoscaling:us-east-1:315407446881:scalingPolicy:8d8d98a9-fe9d-4de5-b15d-c09dfd81cecd:autoScalingGroupName/appserver-autoscaling-group:policyName/clixx-as-policy",
            "autoscaling_group_name": "appserver-autoscaling-group",
            "cooldown": 0,
            "enabled": true,
            "estimated_instance_warmup": 0,
            "id": "clixx-as-policy",
            "metric_aggregation_type": "",
            "min_adjustment_magnitude": 0,
            "name": "clixx-as-policy",
            "policy_type": "TargetTrackingScaling",
            "predictive_scaling_configuration": [],
            "scaling_adjustment": 0,
            "step_adjustment": [],
            "target_tracking_configuration": [
              {
                "customized_metric_specification": [],
                "disable_scale_in": false,
                "predefined_metric_specification": [
                  {
                    "predefined_metric_type": "ASGAverageCPUUtilization",
                    "resource_label": ""
                  }
                ],
                "target_value": 50
              }
            ]
          },
          "sensitive_attributes": [],
          "private": "bnVsbA==",
          "dependencies": [
            "aws_autoscaling_group.app-server-asg",
            "aws_db_instance.database-instance",
            "aws_db_subnet_group.rds-subnet-group",
            "aws_efs_file_system.app-server-efs",
            "aws_key_pair.appserver-instance-kp",
            "aws_launch_template.app_server_template",
            "aws_lb.app_server_elb",
            "aws_lb_target_group.target_group_priv",
            "aws_security_group.elb-sg",
            "aws_security_group.rds-instance-sg",
            "aws_security_group.server-lt-sg",
            "aws_subnet.app_server_private_az1",
            "aws_subnet.public_az1",
            "aws_subnet.public_az2",
            "aws_subnet.rds_private_az1",
            "aws_subnet.rds_private_az2",
            "aws_vpc.main-vpc",
            "data.aws_caller_identity.current_account",
            "data.aws_db_snapshot.database_snapshot"
          ]
        }
      ]
    },
    {
      "mode": "managed",
      "type": "aws_db_instance",
      "name": "database-instance",
      "provider": "provider[\"registry.terraform.io/hashicorp/aws\"]",
      "instances": [
        {
          "schema_version": 1,
          "attributes": {
            "address": "wordpressdbclixxretailapp.cyk0nmsdaqxd.us-east-1.rds.amazonaws.com",
            "allocated_storage": 20,
            "allow_major_version_upgrade": null,
            "apply_immediately": false,
            "arn": "arn:aws:rds:us-east-1:315407446881:db:wordpressdbclixxretailapp",
            "auto_minor_version_upgrade": true,
            "availability_zone": "us-east-1b",
            "backup_retention_period": 0,
            "backup_window": "08:17-08:47",
            "blue_green_update": [],
            "ca_cert_identifier": "rds-ca-2019",
            "character_set_name": "",
            "copy_tags_to_snapshot": false,
            "custom_iam_instance_profile": "",
            "customer_owned_ip_enabled": false,
            "db_name": "wordpressdb",
            "db_subnet_group_name": "rds_subnet_group",
            "delete_automated_backups": true,
            "deletion_protection": false,
            "domain": "",
            "domain_iam_role_name": "",
            "enabled_cloudwatch_logs_exports": null,
            "endpoint": "wordpressdbclixxretailapp.cyk0nmsdaqxd.us-east-1.rds.amazonaws.com:3306",
            "engine": "mysql",
            "engine_version": "8.0.20",
            "engine_version_actual": "8.0.20",
            "final_snapshot_identifier": null,
            "hosted_zone_id": "Z2R2ITUGPM61AM",
            "iam_database_authentication_enabled": false,
            "id": "wordpressdbclixxretailapp",
            "identifier": "wordpressdbclixxretailapp",
            "identifier_prefix": "",
            "instance_class": "db.t2.micro",
            "iops": 0,
            "kms_key_id": "",
            "latest_restorable_time": "",
            "license_model": "general-public-license",
            "maintenance_window": "sun:06:00-sun:06:30",
            "max_allocated_storage": 0,
            "monitoring_interval": 0,
            "monitoring_role_arn": "",
            "multi_az": false,
            "name": "wordpressdb",
            "nchar_character_set_name": "",
            "network_type": "IPV4",
            "option_group_name": "default:mysql-8-0",
            "parameter_group_name": "default.mysql8.0",
            "password": null,
            "performance_insights_enabled": false,
            "performance_insights_kms_key_id": "",
            "performance_insights_retention_period": 0,
            "port": 3306,
            "publicly_accessible": false,
            "replica_mode": "",
            "replicas": [],
            "replicate_source_db": "",
            "resource_id": "db-U2RI6OPBJP3VHGOPFNKTOC27BM",
            "restore_to_point_in_time": [],
            "s3_import": [],
            "security_group_names": null,
            "skip_final_snapshot": true,
            "snapshot_identifier": "newrdsdbpress",
            "status": "available",
            "storage_encrypted": false,
            "storage_throughput": 0,
            "storage_type": "gp2",
            "tags": null,
            "tags_all": {},
            "timeouts": null,
            "timezone": "",
            "username": "wordpressuser",
            "vpc_security_group_ids": [
              "sg-0afedae26e58b1020"
            ]
          },
          "sensitive_attributes": [],
          "private": "eyJlMmJmYjczMC1lY2FhLTExZTYtOGY4OC0zNDM2M2JjN2M0YzAiOnsiY3JlYXRlIjoyNDAwMDAwMDAwMDAwLCJkZWxldGUiOjM2MDAwMDAwMDAwMDAsInVwZGF0ZSI6NDgwMDAwMDAwMDAwMH0sInNjaGVtYV92ZXJzaW9uIjoiMSJ9",
          "dependencies": [
            "aws_db_subnet_group.rds-subnet-group",
            "aws_security_group.rds-instance-sg",
            "aws_subnet.rds_private_az1",
            "aws_subnet.rds_private_az2",
            "aws_vpc.main-vpc",
            "data.aws_caller_identity.current_account",
            "data.aws_db_snapshot.database_snapshot"
          ]
        }
      ]
    },
    {
      "mode": "managed",
      "type": "aws_db_parameter_group",
      "name": "database-parameter-group",
      "provider": "provider[\"registry.terraform.io/hashicorp/aws\"]",
      "instances": [
        {
          "schema_version": 0,
          "attributes": {
            "arn": "arn:aws:rds:us-east-1:315407446881:pg:default-mysql8-0",
            "description": "Default for MySQL Parameter Group",
            "family": "mysql8.0",
            "id": "default-mysql8-0",
            "name": "default-mysql8-0",
            "name_prefix": null,
            "parameter": [
              {
                "apply_method": "immediate",
                "name": "time_zone",
                "value": "UTC"
              }
            ],
            "tags": null,
            "tags_all": {}
          },
          "sensitive_attributes": [],
          "private": "bnVsbA=="
        }
      ]
    },
    {
      "mode": "managed",
      "type": "aws_db_subnet_group",
      "name": "rds-subnet-group",
      "provider": "provider[\"registry.terraform.io/hashicorp/aws\"]",
      "instances": [
        {
          "schema_version": 0,
          "attributes": {
            "arn": "arn:aws:rds:us-east-1:315407446881:subgrp:rds_subnet_group",
            "description": "Subnet Group",
            "id": "rds_subnet_group",
            "name": "rds_subnet_group",
            "name_prefix": "",
            "subnet_ids": [
              "subnet-0700e506b562dcb11",
              "subnet-0d4090dd5ed3fe60e"
            ],
            "supported_network_types": [
              "IPV4"
            ],
            "tags": null,
            "tags_all": {}
          },
          "sensitive_attributes": [],
          "private": "bnVsbA==",
          "dependencies": [
            "aws_subnet.rds_private_az1",
            "aws_subnet.rds_private_az2",
            "aws_vpc.main-vpc",
            "data.aws_caller_identity.current_account"
          ]
        }
      ]
    },
    {
      "mode": "managed",
      "type": "aws_efs_file_system",
      "name": "app-server-efs",
      "provider": "provider[\"registry.terraform.io/hashicorp/aws\"]",
      "instances": [
        {
          "schema_version": 0,
          "attributes": {
            "arn": "arn:aws:elasticfilesystem:us-east-1:315407446881:file-system/fs-0c4afd7555ad4c343",
            "availability_zone_id": "",
            "availability_zone_name": "",
            "creation_token": "my-efs",
            "dns_name": "fs-0c4afd7555ad4c343.efs.us-east-1.amazonaws.com",
            "encrypted": false,
            "id": "fs-0c4afd7555ad4c343",
            "kms_key_id": "",
            "lifecycle_policy": [],
            "number_of_mount_targets": 0,
            "owner_id": "315407446881",
            "performance_mode": "generalPurpose",
            "provisioned_throughput_in_mibps": 0,
            "size_in_bytes": [
              {
                "value": 6144,
                "value_in_ia": 0,
                "value_in_standard": 6144
              }
            ],
            "tags": {
              "Name": "clixx-terraform-efs"
            },
            "tags_all": {
              "Name": "clixx-terraform-efs"
            },
            "throughput_mode": "bursting"
          },
          "sensitive_attributes": [],
          "private": "bnVsbA=="
        }
      ]
    },
    {
      "mode": "managed",
      "type": "aws_efs_mount_target",
      "name": "efs_mount_target-a",
      "provider": "provider[\"registry.terraform.io/hashicorp/aws\"]",
      "instances": [
        {
          "schema_version": 0,
          "attributes": {
            "availability_zone_id": "use1-az4",
            "availability_zone_name": "us-east-1a",
            "dns_name": "fs-0c4afd7555ad4c343.efs.us-east-1.amazonaws.com",
            "file_system_arn": "arn:aws:elasticfilesystem:us-east-1:315407446881:file-system/fs-0c4afd7555ad4c343",
            "file_system_id": "fs-0c4afd7555ad4c343",
            "id": "fsmt-0d84a441d9b55d003",
            "ip_address": "10.0.4.28",
            "mount_target_dns_name": "us-east-1a.fs-0c4afd7555ad4c343.efs.us-east-1.amazonaws.com",
            "network_interface_id": "eni-04e50e94a3e189e71",
            "owner_id": "315407446881",
            "security_groups": [
              "sg-09551a3183fb77f38"
            ],
            "subnet_id": "subnet-0033d7298f0b88186"
          },
          "sensitive_attributes": [],
          "private": "bnVsbA==",
          "dependencies": [
            "aws_efs_file_system.app-server-efs",
            "aws_security_group.efs-sg",
            "aws_subnet.app_server_private_az1",
            "aws_vpc.main-vpc",
            "data.aws_caller_identity.current_account"
          ]
        }
      ]
    },
    {
      "mode": "managed",
      "type": "aws_efs_mount_target",
      "name": "efs_mount_target-b",
      "provider": "provider[\"registry.terraform.io/hashicorp/aws\"]",
      "instances": [
        {
          "schema_version": 0,
          "attributes": {
            "availability_zone_id": "use1-az6",
            "availability_zone_name": "us-east-1b",
            "dns_name": "fs-0c4afd7555ad4c343.efs.us-east-1.amazonaws.com",
            "file_system_arn": "arn:aws:elasticfilesystem:us-east-1:315407446881:file-system/fs-0c4afd7555ad4c343",
            "file_system_id": "fs-0c4afd7555ad4c343",
            "id": "fsmt-09f88ad7b0e3fc2c0",
            "ip_address": "10.0.4.249",
            "mount_target_dns_name": "us-east-1b.fs-0c4afd7555ad4c343.efs.us-east-1.amazonaws.com",
            "network_interface_id": "eni-0aad843fdd5168de7",
            "owner_id": "315407446881",
            "security_groups": [
              "sg-09551a3183fb77f38"
            ],
            "subnet_id": "subnet-027a431d5a2978f62"
          },
          "sensitive_attributes": [],
          "private": "bnVsbA==",
          "dependencies": [
            "aws_efs_file_system.app-server-efs",
            "aws_security_group.efs-sg",
            "aws_subnet.app_server_private_az2",
            "aws_vpc.main-vpc",
            "data.aws_caller_identity.current_account"
          ]
        }
      ]
    },
    {
      "mode": "managed",
      "type": "aws_eip",
      "name": "nat1",
      "provider": "provider[\"registry.terraform.io/hashicorp/aws\"]",
      "instances": [
        {
          "schema_version": 0,
          "attributes": {
            "address": null,
            "allocation_id": "eipalloc-027500323e56fa2b9",
            "associate_with_private_ip": null,
            "association_id": "",
            "carrier_ip": "",
            "customer_owned_ip": "",
            "customer_owned_ipv4_pool": "",
            "domain": "vpc",
            "id": "eipalloc-027500323e56fa2b9",
            "instance": "",
            "network_border_group": "us-east-1",
            "network_interface": "",
            "private_dns": null,
            "private_ip": "",
            "public_dns": "ec2-54-145-162-84.compute-1.amazonaws.com",
            "public_ip": "54.145.162.84",
            "public_ipv4_pool": "amazon",
            "tags": null,
            "tags_all": {},
            "timeouts": null,
            "vpc": true
          },
          "sensitive_attributes": [],
          "private": "eyJlMmJmYjczMC1lY2FhLTExZTYtOGY4OC0zNDM2M2JjN2M0YzAiOnsiZGVsZXRlIjoxODAwMDAwMDAwMDAsInJlYWQiOjkwMDAwMDAwMDAwMCwidXBkYXRlIjozMDAwMDAwMDAwMDB9fQ=="
        }
      ]
    },
    {
      "mode": "managed",
      "type": "aws_eip",
      "name": "nat2",
      "provider": "provider[\"registry.terraform.io/hashicorp/aws\"]",
      "instances": [
        {
          "schema_version": 0,
          "attributes": {
            "address": null,
            "allocation_id": "eipalloc-0c965c0226beaddc0",
            "associate_with_private_ip": null,
            "association_id": "",
            "carrier_ip": "",
            "customer_owned_ip": "",
            "customer_owned_ipv4_pool": "",
            "domain": "vpc",
            "id": "eipalloc-0c965c0226beaddc0",
            "instance": "",
            "network_border_group": "us-east-1",
            "network_interface": "",
            "private_dns": null,
            "private_ip": "",
            "public_dns": "ec2-35-171-218-151.compute-1.amazonaws.com",
            "public_ip": "35.171.218.151",
            "public_ipv4_pool": "amazon",
            "tags": null,
            "tags_all": {},
            "timeouts": null,
            "vpc": true
          },
          "sensitive_attributes": [],
          "private": "eyJlMmJmYjczMC1lY2FhLTExZTYtOGY4OC0zNDM2M2JjN2M0YzAiOnsiZGVsZXRlIjoxODAwMDAwMDAwMDAsInJlYWQiOjkwMDAwMDAwMDAwMCwidXBkYXRlIjozMDAwMDAwMDAwMDB9fQ=="
        }
      ]
    },
    {
      "mode": "managed",
      "type": "aws_internet_gateway",
      "name": "main-int-gateway",
      "provider": "provider[\"registry.terraform.io/hashicorp/aws\"]",
      "instances": [
        {
          "schema_version": 0,
          "attributes": {
            "arn": "arn:aws:ec2:us-east-1:315407446881:internet-gateway/igw-0de969a7e57cc41ba",
            "id": "igw-0de969a7e57cc41ba",
            "owner_id": "315407446881",
            "tags": {
              "Name": "clixx-vpc-igw"
            },
            "tags_all": {
              "Name": "clixx-vpc-igw"
            },
            "timeouts": null,
            "vpc_id": "vpc-0e7a48750ccf7e1c7"
          },
          "sensitive_attributes": [],
          "private": "eyJlMmJmYjczMC1lY2FhLTExZTYtOGY4OC0zNDM2M2JjN2M0YzAiOnsiY3JlYXRlIjoxMjAwMDAwMDAwMDAwLCJkZWxldGUiOjEyMDAwMDAwMDAwMDAsInVwZGF0ZSI6MTIwMDAwMDAwMDAwMH19",
          "dependencies": [
            "aws_vpc.main-vpc",
            "data.aws_caller_identity.current_account"
          ]
        }
      ]
    },
    {
      "mode": "managed",
      "type": "aws_key_pair",
      "name": "appserver-instance-kp",
      "provider": "provider[\"registry.terraform.io/hashicorp/aws\"]",
      "instances": [
        {
          "schema_version": 1,
          "attributes": {
            "arn": "arn:aws:ec2:us-east-1:315407446881:key-pair/private_ruk.pub",
            "fingerprint": "67:bd:08:f1:d9:ae:0e:e6:89:88:9e:46:b1:bc:3a:f2",
            "id": "private_ruk.pub",
            "key_name": "private_ruk.pub",
            "key_name_prefix": "",
            "key_pair_id": "key-0493b3060cd0669b2",
            "key_type": "rsa",
            "public_key": "ssh-rsa AAAAB3NzaC1yc2EAAAADAQABAAACAQDO4WGfvSxn7iIQOwiZNX+hAhr3B3nkdBseYvp8fxrCi2ZFl4HBNuMBSPMVR/fm7t3lA+fLwSpPoc6c6p3WbhphJywdnF0KPhDiKSiOp+7q/A7HwETTvJmOkoG06z+PvHMBSQzzh8z8pK4rBDzvB7Z/pV3DFS4Buhc1iWjPRL/IhUXVGTfjTf+zzmRZwOZ+FLiM4/BCfCK89T+mKCBCcKZgXhCf9mesGhcpB6el4wSoRnb/9+nH6/BeMtkA5NxMUNQXyJGkaOZ2ltSvwxNh7nQFqaFUYXplQ88vsWGdon/jzz+d7VFJCGJWZxGpBBzes7taNt5NNPKeQTIgguj3tpKEltjyOSThS0ix0cZaa16ymr5N98w4bmDIeU5ow10qm/8Ngnwmv4HokPmgaDetcWkcaD+jayvZacVbsTvyQ7A8gZzoletb7hgRhxkK+91r5ssh8C0t1jYxJaQW5F34TE2seGkhB7EQPGHEYo6Jd5kKYZtaXcYGek58OIIWViuF+6GXFPnU2uOBC2myUKfRoRKo8onA5IwXlY9RdwkuXy9TJUh4yeaQbMuOqzv5S/fxz/Sir9Xw13dwW+sI+vPjynqmux4t+5tBj/OXlYrNQgQYoUVVlOxat6wJ2acT6PNgMmUrqiSVXKHGw/aNf0EK5WteRaKSBK/MyhKeMfBxOAAS6Q== abibo@LAPTOP-62AHB64L",
            "tags": null,
            "tags_all": {}
          },
          "sensitive_attributes": [],
          "private": "eyJzY2hlbWFfdmVyc2lvbiI6IjEifQ=="
        }
      ]
    },
    {
      "mode": "managed",
      "type": "aws_key_pair",
      "name": "bastion-instance-kp",
      "provider": "provider[\"registry.terraform.io/hashicorp/aws\"]",
      "instances": [
        {
          "schema_version": 1,
          "attributes": {
            "arn": "arn:aws:ec2:us-east-1:315407446881:key-pair/test_instance_kp.pub",
            "fingerprint": "25:66:c7:d0:3d:8a:d5:12:32:c9:28:12:c0:20:98:3a",
            "id": "test_instance_kp.pub",
            "key_name": "test_instance_kp.pub",
            "key_name_prefix": "",
            "key_pair_id": "key-02efb1f939da776c2",
            "key_type": "rsa",
            "public_key": "ssh-rsa AAAAB3NzaC1yc2EAAAADAQABAAACAQDDaFyveiBIF2okrnzRfQlgrRW+F/kyPX8QErIEbS89FrBxL4UVQrUKF9Wy88w2uPnXp/9uuxmQLZDn4m1733MwD9j4Txkq1bUF3FSt99O0NHLR9EeXRWQ60OsQFnaqj4G6ltkqlplaEhQzWpwCJdkop9i4fj2vLTcJ23KHeJzAtlbXs/8CmvEbKggYgjaci2zRmqlRVOSmjGkTQ/GsHQkgr4IGbacRvVS0FGtDBVlE8eoSyVYslXW4f4/SGaxz60rtdBZruDlDTS8vm17vc/JUKOMMUxOAm6Dr9mB3j080sOe2Mrbp57oXPTXrjF5hd/oC9FD2APe33H39pYjNG182ATmU7xyczqKA2+sLZuZnqDJ7sLxK3wlM8r68aBpMyPt+Vxglxw1rWE42q88bdXOkNkGRAh1fiRE5oQEA+jnw+szEUYrv44h0OqPO8SZZaUTURvRo10Cj2BVVfRayLgyH7iYL2gkPioQmvtha1oDtPCg62SoZvDnJgWWsL63UQFlg1IQM5F4pT/Pxu6rNrYBlIyFPPDF0N861QzIPON0+DtJHtjTeAYtUwF0dI3xR8Yf9eWiw8Vg+gY4OoZvzkpRSxUTKP3eWnTVLudIaC6T2c/EQ951+LRT6/19y0Sl0yBSZaAWRPudbVhynDqCzvNCtg3VqT15MsIqOPsg0t0ZUZQ== abibo@LAPTOP-62AHB64L",
            "tags": null,
            "tags_all": {}
          },
          "sensitive_attributes": [],
          "private": "eyJzY2hlbWFfdmVyc2lvbiI6IjEifQ==",
          "create_before_destroy": true
        }
      ]
    },
    {
      "mode": "managed",
      "type": "aws_launch_template",
      "name": "app_server_template",
      "provider": "provider[\"registry.terraform.io/hashicorp/aws\"]",
      "instances": [
        {
          "schema_version": 0,
          "attributes": {
            "arn": "arn:aws:ec2:us-east-1:315407446881:launch-template/lt-0085e133afc4f347c",
            "block_device_mappings": [
              {
                "device_name": "/dev/sdf",
                "ebs": [
                  {
                    "delete_on_termination": "true",
                    "encrypted": "false",
                    "iops": 0,
                    "kms_key_id": "",
                    "snapshot_id": "",
                    "throughput": 0,
                    "volume_size": 10,
                    "volume_type": "gp2"
                  }
                ],
                "no_device": "",
                "virtual_name": "ebs_dsk-sdf"
              },
              {
                "device_name": "/dev/sdh",
                "ebs": [
                  {
                    "delete_on_termination": "true",
                    "encrypted": "false",
                    "iops": 0,
                    "kms_key_id": "",
                    "snapshot_id": "",
                    "throughput": 0,
                    "volume_size": 10,
                    "volume_type": "gp2"
                  }
                ],
                "no_device": "",
                "virtual_name": "ebs_dsk-sdh"
              },
              {
                "device_name": "/dev/sdg",
                "ebs": [
                  {
                    "delete_on_termination": "true",
                    "encrypted": "false",
                    "iops": 0,
                    "kms_key_id": "",
                    "snapshot_id": "",
                    "throughput": 0,
                    "volume_size": 10,
                    "volume_type": "gp2"
                  }
                ],
                "no_device": "",
                "virtual_name": "ebs_dsk-sdg"
              },
              {
                "device_name": "/dev/sdi",
                "ebs": [
                  {
                    "delete_on_termination": "true",
                    "encrypted": "false",
                    "iops": 0,
                    "kms_key_id": "",
                    "snapshot_id": "",
                    "throughput": 0,
                    "volume_size": 10,
                    "volume_type": "gp2"
                  }
                ],
                "no_device": "",
                "virtual_name": "ebs_dsk-sdi"
              },
              {
                "device_name": "/dev/sdj",
                "ebs": [
                  {
                    "delete_on_termination": "true",
                    "encrypted": "false",
                    "iops": 0,
                    "kms_key_id": "",
                    "snapshot_id": "",
                    "throughput": 0,
                    "volume_size": 10,
                    "volume_type": "gp2"
                  }
                ],
                "no_device": "",
                "virtual_name": "ebs_dsk-sdj"
              }
            ],
            "capacity_reservation_specification": [],
            "cpu_options": [],
            "credit_specification": [],
            "default_version": 1,
            "description": "",
            "disable_api_stop": false,
            "disable_api_termination": false,
            "ebs_optimized": "",
            "elastic_gpu_specifications": [],
            "elastic_inference_accelerator": [],
            "enclave_options": [],
            "hibernation_options": [],
            "iam_instance_profile": [],
            "id": "lt-0085e133afc4f347c",
            "image_id": "ami-08f3d892de259504d",
            "instance_initiated_shutdown_behavior": "",
            "instance_market_options": [],
            "instance_requirements": [],
            "instance_type": "t2.micro",
            "kernel_id": "",
            "key_name": "private_ruk.pub",
            "latest_version": 1,
            "license_specification": [],
            "maintenance_options": [],
            "metadata_options": [],
            "monitoring": [],
            "name": "app_server",
            "name_prefix": "",
            "network_interfaces": [],
            "placement": [],
            "private_dns_name_options": [],
            "ram_disk_id": "",
            "security_group_names": null,
            "tag_specifications": [],
            "tags": null,
            "tags_all": {},
            "update_default_version": null,
            "user_data": "ICAgICAgICAjIS9iaW4vYmFzaApzdWRvIHN1IC0KCiMjIyMjIyMKIyBTZXQgdGhlIHZhcmlhYmxlcyBmb3IgdGhlIEVCUyB2b2x1bWVzIGFuZCB0aGUgbG9naWNhbCB2b2x1bWUKZWNobyAiTW91bnRpbmcgRUJTIFZvbHVtZXMiCgpmb3Igdm9sIGluIHNkZiBzZGcgc2RoIHNkaSBzZGoKZG8Kc3VkbyBwYXJ0ZWQgL2Rldi8kdm9sIG1rbGFiZWwgZ3B0CgpwYXJ0ZWQgL2Rldi8kdm9sIG1rcGFydCBwcmltYXJ5IGV4dDQgMCUgMTAwJQpkb25lCgojQ3JlYXRlIHBoeXNpY2FsIHZvbHVtZQpwdmNyZWF0ZSAvZGV2L3NkZjEgL2Rldi9zZGcxIC9kZXYvc2RoMSAvZGV2L3NkaTEgL2Rldi9zZGoxCgojQ3JlYXRlIHRoZSBWb2x1bWUgR3JvdXA6IAp2Z2NyZWF0ZSBzdGFja192ZyAvZGV2L3NkZjEgL2Rldi9zZGcxIC9kZXYvc2RoMSAvZGV2L3NkaTEgL2Rldi9zZGoxCgojY3JlYXRlIHRoZSBMb2dpY2FsIFZvbHVtZXMgKExVTlMpIHdpdGggYWJvdXQgNUcgb2Ygc3BhY2UgYWxsb2NhdGVkIGluaXRpYWxseTogCmZvciBMVU4gaW4gdTAxIHUwMiB1MDMgdTA0IGJhY2t1cHMKZG8KbHZjcmVhdGUgLUwgNUcgLW4gTHZfJExVTiBzdGFja192ZwoKI2NyZWF0ZSBlc3Q0IGZpbGUgc3lzdGVtCm1rZnMuZXh0NCAvZGV2L3N0YWNrX3ZnL0x2XyRMVU4KCm1rZGlyIC8kTFVOCgptb3VudCAvZGV2L3N0YWNrX3ZnL0x2XyRMVU4gLyRMVU4KCmx2ZXh0ZW5kIC1MICszRyAvZGV2L21hcHBlci9zdGFja192Zy1Mdl8kTFVOCgpyZXNpemUyZnMgL2Rldi9tYXBwZXIvc3RhY2tfdmctTHZfJExVTgoKZWNobyAiL2Rldi9zdGFja192Zy9Mdl8kTFVOICAgIC8kTFVOICAgIGV4dDQgICAgZGVmYXVsdHMsbm9hdGltZSAgIDAgICAyIiA+PiAvZXRjL2ZzdGFiCgptb3VudCAtYQpkb25lCgpkYl9wYXNzd29yZD1XM2xjb21lMTIzCmRiX3VzZXJuYW1lPXdvcmRwcmVzc3VzZXIKZGJfbmFtZT13b3JkcHJlc3NkYgpyZHNfZGI9d29yZHByZXNzZGJjbGl4eHJldGFpbGFwcC5jeWswbm1zZGFxeGQudXMtZWFzdC0xLnJkcy5hbWF6b25hd3MuY29tCndwX2NvbmZpZ19kaXI9L3Zhci93d3cvaHRtbC9DbGlYWF9SZXRhaWxfUmVwb3NpdG9yeQpteV93ZWJpcD1hcHAtc2VydmVyLWVsYi0xNTA5MjEwMDgzLnVzLWVhc3QtMS5lbGIuYW1hem9uYXdzLmNvbSAgIAoKIyNJbnN0YWxsIHRoZSBuZWVkZWQgcGFja2FnZXMgYW5kIGVuYWJsZSB0aGUgc2VydmljZXMoTWFyaWFEYiwgQXBhY2hlKQp5dW0gdXBkYXRlIC15Cnl1bSBpbnN0YWxsIC15IG5mcy11dGlscyAKeXVtIGluc3RhbGwgZ2l0IC15CmFtYXpvbi1saW51eC1leHRyYXMgaW5zdGFsbCAteSBsYW1wLW1hcmlhZGIxMC4yLXBocDcuMiBwaHA3LjIKeXVtIGluc3RhbGwgLXkgaHR0cGQgbWFyaWFkYi1zZXJ2ZXIKc3lzdGVtY3RsIHN0YXJ0IGh0dHBkCnN5c3RlbWN0bCBlbmFibGUgaHR0cGQKc3lzdGVtY3RsIGlzLWVuYWJsZWQgaHR0cGQKCiNNb3VudCBvbiBFRlMKbWtkaXIgLXAgL3Zhci93d3cvaHRtbApjaG93biBlYzItdXNlcjplYzItdXNlciAvdmFyL3d3dy9odG1sCmVjaG8gZnMtMGM0YWZkNzU1NWFkNGMzNDMuZWZzLnVzLWVhc3QtMS5hbWF6b25hd3MuY29tOi8gL3Zhci93d3cvaHRtbCBuZnM0IG5mc3ZlcnM9NC4xLHJzaXplPTEwNDg1NzYsd3NpemU9MTA0ODU3NixoYXJkLHRpbWVvPTYwMCxyZXRyYW5zPTIsX25ldGRldiAwIDAgPj4gL2V0Yy9mc3RhYgptb3VudCAtYSAtdCBuZnM0CmNobW9kIC1SIDc1NSAvdmFyL3d3dy9odG1sCgogCiMjQWRkIGVjMi11c2VyIHRvIEFwYWNoZSBncm91cCBhbmQgZ3JhbnQgcGVybWlzc2lvbnMgdG8gL3Zhci93d3cKdXNlcm1vZCAtYSAtRyBhcGFjaGUgZWMyLXVzZXIKY2hvd24gLVIgZWMyLXVzZXI6YXBhY2hlIC92YXIvd3d3CmNobW9kIDI3NzUgL3Zhci93d3cgJiYgZmluZCAvdmFyL3d3dyAtdHlwZSBkIC1leGVjIHN1ZG8gY2htb2QgMjc3NSB7fSBcOwpmaW5kIC92YXIvd3d3IC10eXBlIGYgLWV4ZWMgc3VkbyBjaG1vZCAwNjY0IHt9IFw7CmNkIC92YXIvd3d3L2h0bWwKCiMgQWZ0ZXIgbW91bnRpbmcsIGNoZWNrIGlmIHRoZSB3cC1jb25maWcucGhwIGhhcyBiZWVuIG1vdW50ZWQgcHJldmlvdXNseQppZiBbWyAtZCAvdmFyL3d3dy9odG1sL0NsaVhYX1JldGFpbF9SZXBvc2l0b3J5IF1dCnRoZW4KICAgIGVjaG8gIlRoZSB3ZWJwYWdlIGNvbmZpZ3VyYXRpb24gZmlsZSAvdmFyL3d3dy9odG1sL0NsaVhYX1JldGFpbF9SZXBvc2l0b3J5IGFscmVhZHkgZXhpc3RzIgogICAgc2xlZXAgNQplbHNlCiAgICBlY2hvICJUaGUgd2VicGFnZSBjb25maWd1cmF0aW9uIGZpbGUgL3Zhci93d3cvaHRtbC9DbGlYWF9SZXRhaWxfUmVwb3NpdG9yeSBkb2VzIG5vdCBleGlzdAogICAgICAgICAgUHJvY2VlZCB0byBnaXQgY2xvbmUgb2YgdGhlIHJlcG9zaXRvcnkgY29udGFpbmluZyAvdmFyL3d3dy9odG1sL0NsaVhYX1JldGFpbF9SZXBvc2l0b3J5IiAKICAgIGdpdCBjbG9uZSBodHRwczovL2dpdGh1Yi5jb20vc3RhY2tpdGdpdC9DbGlYWF9SZXRhaWxfUmVwb3NpdG9yeS5naXQKICAgIG12IENsaVhYX1JldGFpbF9SZXBvc2l0b3J5LyogL3Zhci93d3cvaHRtbAogICAgCiAgICBtdiAvdmFyL3d3dy9odG1sL3dwLWNvbmZpZy5waHAgd3AtY29uZmlnLW9sZC5waHAKCiAgICBjcCB3cC1jb25maWctc2FtcGxlLnBocCB3cC1jb25maWcucGhwCiAgICBzdWRvIHNlZCAtaSAicy8nZGF0YWJhc2VfbmFtZV9oZXJlJy8nd29yZHByZXNzZGInL2ciIHdwLWNvbmZpZy5waHAKICAgIHN1ZG8gc2VkIC1pICJzLyd1c2VybmFtZV9oZXJlJy8nd29yZHByZXNzdXNlcicvZyIgd3AtY29uZmlnLnBocAogICAgc3VkbyBzZWQgLWkgInMvJ3Bhc3N3b3JkX2hlcmUnLydXM2xjb21lMTIzJy9nIiB3cC1jb25maWcucGhwCiAgICBzdWRvIHNlZCAtaSAicy8nbG9jYWxob3N0Jy8nd29yZHByZXNzZGJjbGl4eHJldGFpbGFwcC5jeWswbm1zZGFxeGQudXMtZWFzdC0xLnJkcy5hbWF6b25hd3MuY29tJy9nIiB3cC1jb25maWcucGhwCmZpCgojIyBBbGxvdyB3b3JkcHJlc3MgdG8gdXNlIFBlcm1hbGlua3MKc3VkbyBzZWQgLWkgJzE1MXMvTm9uZS9BbGwvJyAvZXRjL2h0dHBkL2NvbmYvaHR0cGQuY29uZgogCm15c3FsIC11IHdvcmRwcmVzc3VzZXIgLS1wYXNzd29yZD1XM2xjb21lMTIzIC1oIHdvcmRwcmVzc2RiY2xpeHhyZXRhaWxhcHAuY3lrMG5tc2RhcXhkLnVzLWVhc3QtMS5yZHMuYW1hem9uYXdzLmNvbSAtRCB3b3JkcHJlc3NkYjw8RU9GClVQREFURSB3cF9vcHRpb25zIFNFVCBvcHRpb25fdmFsdWUgPSAiaHR0cDovL2FwcC1zZXJ2ZXItZWxiLTE1MDkyMTAwODMudXMtZWFzdC0xLmVsYi5hbWF6b25hd3MuY29tIiBXSEVSRSBvcHRpb25fdmFsdWUgTElLRSAnaHR0cCUnOwpFT0YKCgo=",
            "vpc_security_group_ids": [
              "sg-0c34f42e300afc45f"
            ]
          },
          "sensitive_attributes": [],
          "private": "bnVsbA==",
          "dependencies": [
            "aws_db_instance.database-instance",
            "aws_db_subnet_group.rds-subnet-group",
            "aws_efs_file_system.app-server-efs",
            "aws_key_pair.appserver-instance-kp",
            "aws_lb.app_server_elb",
            "aws_security_group.elb-sg",
            "aws_security_group.rds-instance-sg",
            "aws_security_group.server-lt-sg",
            "aws_subnet.public_az1",
            "aws_subnet.public_az2",
            "aws_subnet.rds_private_az1",
            "aws_subnet.rds_private_az2",
            "aws_vpc.main-vpc",
            "data.aws_caller_identity.current_account",
            "data.aws_db_snapshot.database_snapshot"
          ]
        }
      ]
    },
    {
      "mode": "managed",
      "type": "aws_launch_template",
      "name": "bastion_server_template",
      "provider": "provider[\"registry.terraform.io/hashicorp/aws\"]",
      "instances": [
        {
          "schema_version": 0,
          "attributes": {
            "arn": "arn:aws:ec2:us-east-1:315407446881:launch-template/lt-0e9074f2c876d2460",
            "block_device_mappings": [],
            "capacity_reservation_specification": [],
            "cpu_options": [],
            "credit_specification": [],
            "default_version": 1,
            "description": "",
            "disable_api_stop": false,
            "disable_api_termination": false,
            "ebs_optimized": "",
            "elastic_gpu_specifications": [],
            "elastic_inference_accelerator": [],
            "enclave_options": [],
            "hibernation_options": [],
            "iam_instance_profile": [],
            "id": "lt-0e9074f2c876d2460",
            "image_id": "ami-08f3d892de259504d",
            "instance_initiated_shutdown_behavior": "",
            "instance_market_options": [],
            "instance_requirements": [],
            "instance_type": "t2.micro",
            "kernel_id": "",
            "key_name": "test_instance_kp.pub",
            "latest_version": 1,
            "license_specification": [],
            "maintenance_options": [],
            "metadata_options": [],
            "monitoring": [],
            "name": "bastion-az1-dev",
            "name_prefix": "",
            "network_interfaces": [
              {
                "associate_carrier_ip_address": "",
                "associate_public_ip_address": "true",
                "delete_on_termination": "",
                "description": "",
                "device_index": 0,
                "interface_type": "",
                "ipv4_address_count": 0,
                "ipv4_addresses": null,
                "ipv4_prefix_count": 0,
                "ipv4_prefixes": null,
                "ipv6_address_count": 0,
                "ipv6_addresses": null,
                "ipv6_prefix_count": 0,
                "ipv6_prefixes": null,
                "network_card_index": 0,
                "network_interface_id": "",
                "private_ip_address": "",
                "security_groups": [
                  "sg-02f6558d9078c82d0"
                ],
                "subnet_id": ""
              }
            ],
            "placement": [],
            "private_dns_name_options": [],
            "ram_disk_id": "",
            "security_group_names": null,
            "tag_specifications": [],
            "tags": {
              "Backup": "Yes",
              "Name": "bastion-server",
              "OwnerEmail": "omoyeni982@gmail.com",
              "Schedule": "A",
              "StackTeam": "Stackcloud9"
            },
            "tags_all": {
              "Backup": "Yes",
              "Name": "bastion-server",
              "OwnerEmail": "omoyeni982@gmail.com",
              "Schedule": "A",
              "StackTeam": "Stackcloud9"
            },
            "update_default_version": null,
            "user_data": "IyEvYmluL2Jhc2ggCgojI0luc3RhbGwgdGhlIG5lZWRlZCBwYWNrYWdlcyBhbmQgZW5hYmxlIHRoZSBzZXJ2aWNlcyhNYXJpYURiLCBBcGFjaGUpCnN1ZG8geXVtIHVwZGF0ZSAteQpzdWRvIHl1bSBpbnN0YWxsIGdpdCAteQpzdWRvIGFtYXpvbi1saW51eC1leHRyYXMgaW5zdGFsbCAteSBsYW1wLW1hcmlhZGIxMC4yLXBocDcuMiBwaHA3LjIKc3VkbyB5dW0gaW5zdGFsbCAteSBodHRwZCBtYXJpYWRiLXNlcnZlcgpzdWRvIHN5c3RlbWN0bCBzdGFydCBodHRwZApzdWRvIHN5c3RlbWN0bCBlbmFibGUgaHR0cGQKc3VkbyBzeXN0ZW1jdGwgaXMtZW5hYmxlZCBodHRwZAoKTU9VTlRfUE9JTlQ9L3Zhci93d3cvaHRtbApta2RpciAtcCAke01PVU5UX1BPSU5UfQpjaG93biBlYzItdXNlcjplYzItdXNlciAke01PVU5UX1BPSU5UfQpjaG1vZCAtUiA3NTUgL3Zhci93d3cvaHRtbAoKIyNBZGQgZWMyLXVzZXIgdG8gQXBhY2hlIGdyb3VwIGFuZCBncmFudCBwZXJtaXNzaW9ucyB0byAvdmFyL3d3dwpzdWRvIHVzZXJtb2QgLWEgLUcgYXBhY2hlIGVjMi11c2VyCnN1ZG8gY2hvd24gLVIgZWMyLXVzZXI6YXBhY2hlIC92YXIvd3d3CnN1ZG8gY2htb2QgMjc3NSAvdmFyL3d3dyAmJiBmaW5kIC92YXIvd3d3IC10eXBlIGQgLWV4ZWMgc3VkbyBjaG1vZCAyNzc1IHt9IFw7CmZpbmQgL3Zhci93d3cgLXR5cGUgZiAtZXhlYyBzdWRvIGNobW9kIDA2NjQge30gXDsKY2QgL3Zhci93d3cvaHRtbAogCiMjR3JhbnQgZmlsZSBvd25lcnNoaXAgb2YgL3Zhci93d3cgJiBpdHMgY29udGVudHMgdG8gYXBhY2hlIHVzZXIKc3VkbyBjaG93biAtUiBhcGFjaGUgL3Zhci93d3cKIAojI0dyYW50IGdyb3VwIG93bmVyc2hpcCBvZiAvdmFyL3d3dyAmIGNvbnRlbnRzIHRvIGFwYWNoZSBncm91cApzdWRvIGNoZ3JwIC1SIGFwYWNoZSAvdmFyL3d3dwogCiMjQ2hhbmdlIGRpcmVjdG9yeSBwZXJtaXNzaW9ucyBvZiAvdmFyL3d3dyAmIGl0cyBzdWJkaXIgdG8gYWRkIGdyb3VwIHdyaXRlIApzdWRvIGNobW9kIDI3NzUgL3Zhci93d3cKZmluZCAvdmFyL3d3dyAtdHlwZSBkIC1leGVjIHN1ZG8gY2htb2QgMjc3NSB7fSBcOwogCiMjUmVjdXJzaXZlbHkgY2hhbmdlIGZpbGUgcGVybWlzc2lvbiBvZiAvdmFyL3d3dyAmIHN1YmRpciB0byBhZGQgZ3JvdXAgd3JpdGUgcGVybQpzdWRvIGZpbmQgL3Zhci93d3cgLXR5cGUgZiAtZXhlYyBzdWRvIGNobW9kIDA2NjQge30gXDsKIAojI1Jlc3RhcnQgQXBhY2hlCnN1ZG8gc3lzdGVtY3RsIHJlc3RhcnQgaHR0cGQKc3VkbyBzZXJ2aWNlIGh0dHBkIHJlc3RhcnQKIAojI0VuYWJsZSBodHRwZCAKc3VkbyBzeXN0ZW1jdGwgZW5hYmxlIGh0dHBkIApzdWRvIC9zYmluL3N5c2N0bCAtdyBuZXQuaXB2NC50Y3Bfa2VlcGFsaXZlX3RpbWU9MjAwIG5ldC5pcHY0LnRjcF9rZWVwYWxpdmVfaW50dmw9MjAwIG5ldC5pcHY0LnRjcF9rZWVwYWxpdmVfcHJvYmVzPTUK",
            "vpc_security_group_ids": null
          },
          "sensitive_attributes": [],
          "private": "bnVsbA==",
          "dependencies": [
            "aws_key_pair.bastion-instance-kp",
            "aws_security_group.bastion-server-sg",
            "aws_vpc.main-vpc",
            "data.aws_caller_identity.current_account"
          ],
          "create_before_destroy": true
        }
      ]
    },
    {
      "mode": "managed",
      "type": "aws_lb",
      "name": "app_server_elb",
      "provider": "provider[\"registry.terraform.io/hashicorp/aws\"]",
      "instances": [
        {
          "schema_version": 0,
          "attributes": {
            "access_logs": [
              {
                "bucket": "",
                "enabled": false,
                "prefix": ""
              }
            ],
            "arn": "arn:aws:elasticloadbalancing:us-east-1:315407446881:loadbalancer/app/app-server-elb/b228738f16405f83",
            "arn_suffix": "app/app-server-elb/b228738f16405f83",
            "customer_owned_ipv4_pool": "",
            "desync_mitigation_mode": "defensive",
            "dns_name": "app-server-elb-1509210083.us-east-1.elb.amazonaws.com",
            "drop_invalid_header_fields": false,
            "enable_cross_zone_load_balancing": true,
            "enable_deletion_protection": false,
            "enable_http2": true,
            "enable_waf_fail_open": false,
            "id": "arn:aws:elasticloadbalancing:us-east-1:315407446881:loadbalancer/app/app-server-elb/b228738f16405f83",
            "idle_timeout": 60,
            "internal": false,
            "ip_address_type": "ipv4",
            "load_balancer_type": "application",
            "name": "app-server-elb",
            "name_prefix": null,
            "preserve_host_header": false,
            "security_groups": [
              "sg-038f86457f10074ae"
            ],
            "subnet_mapping": [
              {
                "allocation_id": "",
                "ipv6_address": "",
                "outpost_id": "",
                "private_ipv4_address": "",
                "subnet_id": "subnet-004d4b86c67cf8085"
              },
              {
                "allocation_id": "",
                "ipv6_address": "",
                "outpost_id": "",
                "private_ipv4_address": "",
                "subnet_id": "subnet-0ffb2f9463d31a09e"
              }
            ],
            "subnets": [
              "subnet-004d4b86c67cf8085",
              "subnet-0ffb2f9463d31a09e"
            ],
            "tags": null,
            "tags_all": {},
            "timeouts": null,
            "vpc_id": "vpc-0e7a48750ccf7e1c7",
            "zone_id": "Z35SXDOTRQ7X7K"
          },
          "sensitive_attributes": [],
          "private": "eyJlMmJmYjczMC1lY2FhLTExZTYtOGY4OC0zNDM2M2JjN2M0YzAiOnsiY3JlYXRlIjo2MDAwMDAwMDAwMDAsImRlbGV0ZSI6NjAwMDAwMDAwMDAwLCJ1cGRhdGUiOjYwMDAwMDAwMDAwMH19",
          "dependencies": [
            "aws_security_group.elb-sg",
            "aws_subnet.public_az1",
            "aws_subnet.public_az2",
            "aws_vpc.main-vpc",
            "data.aws_caller_identity.current_account"
          ]
        }
      ]
    },
    {
      "mode": "managed",
      "type": "aws_lb_listener",
      "name": "listener_priv",
      "provider": "provider[\"registry.terraform.io/hashicorp/aws\"]",
      "instances": [
        {
          "schema_version": 0,
          "attributes": {
            "alpn_policy": null,
            "arn": "arn:aws:elasticloadbalancing:us-east-1:315407446881:listener/app/app-server-elb/b228738f16405f83/aab1f4f5c07fbdf3",
            "certificate_arn": null,
            "default_action": [
              {
                "authenticate_cognito": [],
                "authenticate_oidc": [],
                "fixed_response": [],
                "forward": [],
                "order": 1,
                "redirect": [],
                "target_group_arn": "arn:aws:elasticloadbalancing:us-east-1:315407446881:targetgroup/my-target-group/74bde89652da016f",
                "type": "forward"
              }
            ],
            "id": "arn:aws:elasticloadbalancing:us-east-1:315407446881:listener/app/app-server-elb/b228738f16405f83/aab1f4f5c07fbdf3",
            "load_balancer_arn": "arn:aws:elasticloadbalancing:us-east-1:315407446881:loadbalancer/app/app-server-elb/b228738f16405f83",
            "port": 80,
            "protocol": "HTTP",
            "ssl_policy": "",
            "tags": null,
            "tags_all": {},
            "timeouts": null
          },
          "sensitive_attributes": [],
          "private": "eyJlMmJmYjczMC1lY2FhLTExZTYtOGY4OC0zNDM2M2JjN2M0YzAiOnsicmVhZCI6NjAwMDAwMDAwMDAwfX0=",
          "dependencies": [
            "aws_lb.app_server_elb",
            "aws_lb_target_group.target_group_priv",
            "aws_security_group.elb-sg",
            "aws_subnet.public_az1",
            "aws_subnet.public_az2",
            "aws_vpc.main-vpc",
            "data.aws_caller_identity.current_account"
          ]
        }
      ]
    },
    {
      "mode": "managed",
      "type": "aws_lb_target_group",
      "name": "target_group_priv",
      "provider": "provider[\"registry.terraform.io/hashicorp/aws\"]",
      "instances": [
        {
          "schema_version": 0,
          "attributes": {
            "arn": "arn:aws:elasticloadbalancing:us-east-1:315407446881:targetgroup/my-target-group/74bde89652da016f",
            "arn_suffix": "targetgroup/my-target-group/74bde89652da016f",
            "connection_termination": false,
            "deregistration_delay": "300",
            "health_check": [
              {
                "enabled": true,
                "healthy_threshold": 2,
                "interval": 15,
                "matcher": "200",
                "path": "/",
                "port": "traffic-port",
                "protocol": "HTTP",
                "timeout": 3,
                "unhealthy_threshold": 2
              }
            ],
            "id": "arn:aws:elasticloadbalancing:us-east-1:315407446881:targetgroup/my-target-group/74bde89652da016f",
            "ip_address_type": "ipv4",
            "lambda_multi_value_headers_enabled": false,
            "load_balancing_algorithm_type": "round_robin",
            "name": "my-target-group",
            "name_prefix": null,
            "port": 80,
            "preserve_client_ip": null,
            "protocol": "HTTP",
            "protocol_version": "HTTP1",
            "proxy_protocol_v2": false,
            "slow_start": 0,
            "stickiness": [
              {
                "cookie_duration": 86400,
                "cookie_name": "",
                "enabled": false,
                "type": "lb_cookie"
              }
            ],
            "tags": null,
            "tags_all": {},
            "target_failover": [
              {
                "on_deregistration": null,
                "on_unhealthy": null
              }
            ],
            "target_type": "instance",
            "vpc_id": "vpc-0e7a48750ccf7e1c7"
          },
          "sensitive_attributes": [],
          "private": "bnVsbA==",
          "dependencies": [
            "aws_vpc.main-vpc",
            "data.aws_caller_identity.current_account"
          ]
        }
      ]
    },
    {
      "mode": "managed",
      "type": "aws_nat_gateway",
      "name": "public-nat1",
      "provider": "provider[\"registry.terraform.io/hashicorp/aws\"]",
      "instances": [
        {
          "schema_version": 0,
          "attributes": {
            "allocation_id": "eipalloc-027500323e56fa2b9",
            "connectivity_type": "public",
            "id": "nat-0e4e62d9e3ba33574",
            "network_interface_id": "eni-0a3c94f45846f245b",
            "private_ip": "10.0.0.104",
            "public_ip": "54.145.162.84",
            "subnet_id": "subnet-004d4b86c67cf8085",
            "tags": null,
            "tags_all": {}
          },
          "sensitive_attributes": [],
          "private": "bnVsbA==",
          "dependencies": [
            "aws_eip.nat1",
            "aws_subnet.public_az1",
            "aws_vpc.main-vpc",
            "data.aws_caller_identity.current_account"
          ]
        }
      ]
    },
    {
      "mode": "managed",
      "type": "aws_nat_gateway",
      "name": "public-nat2",
      "provider": "provider[\"registry.terraform.io/hashicorp/aws\"]",
      "instances": [
        {
          "schema_version": 0,
          "attributes": {
            "allocation_id": "eipalloc-0c965c0226beaddc0",
            "connectivity_type": "public",
            "id": "nat-0a650bba2525867ca",
            "network_interface_id": "eni-0477ebb7445269103",
            "private_ip": "10.0.2.229",
            "public_ip": "35.171.218.151",
            "subnet_id": "subnet-0ffb2f9463d31a09e",
            "tags": null,
            "tags_all": {}
          },
          "sensitive_attributes": [],
          "private": "bnVsbA==",
          "dependencies": [
            "aws_eip.nat2",
            "aws_subnet.public_az2",
            "aws_vpc.main-vpc",
            "data.aws_caller_identity.current_account"
          ]
        }
      ]
    },
    {
      "mode": "managed",
      "type": "aws_route",
      "name": "main-vpc-routetable_default",
      "provider": "provider[\"registry.terraform.io/hashicorp/aws\"]",
      "instances": [
        {
          "schema_version": 0,
          "attributes": {
            "carrier_gateway_id": "",
            "core_network_arn": "",
            "destination_cidr_block": "0.0.0.0/0",
            "destination_ipv6_cidr_block": "",
            "destination_prefix_list_id": "",
            "egress_only_gateway_id": "",
            "gateway_id": "igw-0de969a7e57cc41ba",
            "id": "r-rtb-0562c9dd5760912451080289494",
            "instance_id": "",
            "instance_owner_id": "",
            "local_gateway_id": "",
            "nat_gateway_id": "",
            "network_interface_id": "",
            "origin": "CreateRoute",
            "route_table_id": "rtb-0562c9dd576091245",
            "state": "active",
            "timeouts": null,
            "transit_gateway_id": "",
            "vpc_endpoint_id": "",
            "vpc_peering_connection_id": ""
          },
          "sensitive_attributes": [],
          "private": "eyJlMmJmYjczMC1lY2FhLTExZTYtOGY4OC0zNDM2M2JjN2M0YzAiOnsiY3JlYXRlIjozMDAwMDAwMDAwMDAsImRlbGV0ZSI6MzAwMDAwMDAwMDAwLCJ1cGRhdGUiOjEyMDAwMDAwMDAwMH19",
          "dependencies": [
            "aws_internet_gateway.main-int-gateway",
            "aws_vpc.main-vpc",
            "data.aws_caller_identity.current_account"
          ]
        }
      ]
    },
    {
      "mode": "managed",
      "type": "aws_route_table",
      "name": "private1",
      "provider": "provider[\"registry.terraform.io/hashicorp/aws\"]",
      "instances": [
        {
          "schema_version": 0,
          "attributes": {
            "arn": "arn:aws:ec2:us-east-1:315407446881:route-table/rtb-0c900fef56031d310",
            "id": "rtb-0c900fef56031d310",
            "owner_id": "315407446881",
            "propagating_vgws": [],
            "route": [
              {
                "carrier_gateway_id": "",
                "cidr_block": "0.0.0.0/0",
                "core_network_arn": "",
                "destination_prefix_list_id": "",
                "egress_only_gateway_id": "",
                "gateway_id": "",
                "instance_id": "",
                "ipv6_cidr_block": "",
                "local_gateway_id": "",
                "nat_gateway_id": "nat-0e4e62d9e3ba33574",
                "network_interface_id": "",
                "transit_gateway_id": "",
                "vpc_endpoint_id": "",
                "vpc_peering_connection_id": ""
              }
            ],
            "tags": null,
            "tags_all": {},
            "timeouts": null,
            "vpc_id": "vpc-0e7a48750ccf7e1c7"
          },
          "sensitive_attributes": [],
          "private": "eyJlMmJmYjczMC1lY2FhLTExZTYtOGY4OC0zNDM2M2JjN2M0YzAiOnsiY3JlYXRlIjozMDAwMDAwMDAwMDAsImRlbGV0ZSI6MzAwMDAwMDAwMDAwLCJ1cGRhdGUiOjEyMDAwMDAwMDAwMH19",
          "dependencies": [
            "aws_eip.nat1",
            "aws_nat_gateway.public-nat1",
            "aws_subnet.public_az1",
            "aws_vpc.main-vpc",
            "data.aws_caller_identity.current_account"
          ]
        }
      ]
    },
    {
      "mode": "managed",
      "type": "aws_route_table",
      "name": "private2",
      "provider": "provider[\"registry.terraform.io/hashicorp/aws\"]",
      "instances": [
        {
          "schema_version": 0,
          "attributes": {
            "arn": "arn:aws:ec2:us-east-1:315407446881:route-table/rtb-013fe3ebbed0074ec",
            "id": "rtb-013fe3ebbed0074ec",
            "owner_id": "315407446881",
            "propagating_vgws": [],
            "route": [
              {
                "carrier_gateway_id": "",
                "cidr_block": "0.0.0.0/0",
                "core_network_arn": "",
                "destination_prefix_list_id": "",
                "egress_only_gateway_id": "",
                "gateway_id": "",
                "instance_id": "",
                "ipv6_cidr_block": "",
                "local_gateway_id": "",
                "nat_gateway_id": "nat-0a650bba2525867ca",
                "network_interface_id": "",
                "transit_gateway_id": "",
                "vpc_endpoint_id": "",
                "vpc_peering_connection_id": ""
              }
            ],
            "tags": null,
            "tags_all": {},
            "timeouts": null,
            "vpc_id": "vpc-0e7a48750ccf7e1c7"
          },
          "sensitive_attributes": [],
          "private": "eyJlMmJmYjczMC1lY2FhLTExZTYtOGY4OC0zNDM2M2JjN2M0YzAiOnsiY3JlYXRlIjozMDAwMDAwMDAwMDAsImRlbGV0ZSI6MzAwMDAwMDAwMDAwLCJ1cGRhdGUiOjEyMDAwMDAwMDAwMH19",
          "dependencies": [
            "aws_eip.nat2",
            "aws_nat_gateway.public-nat2",
            "aws_subnet.public_az2",
            "aws_vpc.main-vpc",
            "data.aws_caller_identity.current_account"
          ]
        }
      ]
    },
    {
      "mode": "managed",
      "type": "aws_route_table_association",
      "name": "mainvpc_rt_public_az1",
      "provider": "provider[\"registry.terraform.io/hashicorp/aws\"]",
      "instances": [
        {
          "schema_version": 0,
          "attributes": {
            "gateway_id": "",
            "id": "rtbassoc-014283e1aa2d64ea3",
            "route_table_id": "rtb-0562c9dd576091245",
            "subnet_id": "subnet-004d4b86c67cf8085"
          },
          "sensitive_attributes": [],
          "private": "bnVsbA==",
          "dependencies": [
            "aws_subnet.public_az1",
            "aws_vpc.main-vpc",
            "data.aws_caller_identity.current_account"
          ]
        }
      ]
    },
    {
      "mode": "managed",
      "type": "aws_route_table_association",
      "name": "mainvpc_rt_public_az2",
      "provider": "provider[\"registry.terraform.io/hashicorp/aws\"]",
      "instances": [
        {
          "schema_version": 0,
          "attributes": {
            "gateway_id": "",
            "id": "rtbassoc-001f2a77a29c2fcfb",
            "route_table_id": "rtb-0562c9dd576091245",
            "subnet_id": "subnet-0ffb2f9463d31a09e"
          },
          "sensitive_attributes": [],
          "private": "bnVsbA==",
          "dependencies": [
            "aws_subnet.public_az2",
            "aws_vpc.main-vpc",
            "data.aws_caller_identity.current_account"
          ]
        }
      ]
    },
    {
      "mode": "managed",
      "type": "aws_route_table_association",
      "name": "rt-private_az1",
      "provider": "provider[\"registry.terraform.io/hashicorp/aws\"]",
      "instances": [
        {
          "schema_version": 0,
          "attributes": {
            "gateway_id": "",
            "id": "rtbassoc-039e107337f2dd7ff",
            "route_table_id": "rtb-0c900fef56031d310",
            "subnet_id": "subnet-0033d7298f0b88186"
          },
          "sensitive_attributes": [],
          "private": "bnVsbA==",
          "dependencies": [
            "aws_eip.nat1",
            "aws_nat_gateway.public-nat1",
            "aws_route_table.private1",
            "aws_subnet.app_server_private_az1",
            "aws_subnet.public_az1",
            "aws_vpc.main-vpc",
            "data.aws_caller_identity.current_account"
          ]
        }
      ]
    },
    {
      "mode": "managed",
      "type": "aws_route_table_association",
      "name": "rt-private_az2",
      "provider": "provider[\"registry.terraform.io/hashicorp/aws\"]",
      "instances": [
        {
          "schema_version": 0,
          "attributes": {
            "gateway_id": "",
            "id": "rtbassoc-0c9b5b24913b70548",
            "route_table_id": "rtb-013fe3ebbed0074ec",
            "subnet_id": "subnet-027a431d5a2978f62"
          },
          "sensitive_attributes": [],
          "private": "bnVsbA==",
          "dependencies": [
            "aws_eip.nat2",
            "aws_nat_gateway.public-nat2",
            "aws_route_table.private2",
            "aws_subnet.app_server_private_az2",
            "aws_subnet.public_az2",
            "aws_vpc.main-vpc",
            "data.aws_caller_identity.current_account"
          ]
        }
      ]
    },
    {
      "mode": "managed",
      "type": "aws_security_group",
      "name": "bastion-server-sg",
      "provider": "provider[\"registry.terraform.io/hashicorp/aws\"]",
      "instances": [
        {
          "schema_version": 1,
          "attributes": {
            "arn": "arn:aws:ec2:us-east-1:315407446881:security-group/sg-02f6558d9078c82d0",
            "description": "VPCInstance Security Group",
            "egress": [],
            "id": "sg-02f6558d9078c82d0",
            "ingress": [],
            "name": "VPCInstance-WebDMZ",
            "name_prefix": "",
            "owner_id": "315407446881",
            "revoke_rules_on_delete": false,
            "tags": null,
            "tags_all": {},
            "timeouts": null,
            "vpc_id": "vpc-0e7a48750ccf7e1c7"
          },
          "sensitive_attributes": [],
          "private": "eyJlMmJmYjczMC1lY2FhLTExZTYtOGY4OC0zNDM2M2JjN2M0YzAiOnsiY3JlYXRlIjo2MDAwMDAwMDAwMDAsImRlbGV0ZSI6OTAwMDAwMDAwMDAwfSwic2NoZW1hX3ZlcnNpb24iOiIxIn0=",
          "dependencies": [
            "aws_vpc.main-vpc",
            "data.aws_caller_identity.current_account"
          ],
          "create_before_destroy": true
        }
      ]
    },
    {
      "mode": "managed",
      "type": "aws_security_group",
      "name": "efs-sg",
      "provider": "provider[\"registry.terraform.io/hashicorp/aws\"]",
      "instances": [
        {
          "schema_version": 1,
          "attributes": {
            "arn": "arn:aws:ec2:us-east-1:315407446881:security-group/sg-09551a3183fb77f38",
            "description": "EFS Security Group",
            "egress": [],
            "id": "sg-09551a3183fb77f38",
            "ingress": [],
            "name": "EFS-sg",
            "name_prefix": "",
            "owner_id": "315407446881",
            "revoke_rules_on_delete": false,
            "tags": null,
            "tags_all": {},
            "timeouts": null,
            "vpc_id": "vpc-0e7a48750ccf7e1c7"
          },
          "sensitive_attributes": [],
          "private": "eyJlMmJmYjczMC1lY2FhLTExZTYtOGY4OC0zNDM2M2JjN2M0YzAiOnsiY3JlYXRlIjo2MDAwMDAwMDAwMDAsImRlbGV0ZSI6OTAwMDAwMDAwMDAwfSwic2NoZW1hX3ZlcnNpb24iOiIxIn0=",
          "dependencies": [
            "aws_vpc.main-vpc",
            "data.aws_caller_identity.current_account"
          ]
        }
      ]
    },
    {
      "mode": "managed",
      "type": "aws_security_group",
      "name": "elb-sg",
      "provider": "provider[\"registry.terraform.io/hashicorp/aws\"]",
      "instances": [
        {
          "schema_version": 1,
          "attributes": {
            "arn": "arn:aws:ec2:us-east-1:315407446881:security-group/sg-038f86457f10074ae",
            "description": "Load balancer security group",
            "egress": [],
            "id": "sg-038f86457f10074ae",
            "ingress": [],
            "name": "vpc-proj-loadbalancer",
            "name_prefix": "",
            "owner_id": "315407446881",
            "revoke_rules_on_delete": false,
            "tags": null,
            "tags_all": {},
            "timeouts": null,
            "vpc_id": "vpc-0e7a48750ccf7e1c7"
          },
          "sensitive_attributes": [],
          "private": "eyJlMmJmYjczMC1lY2FhLTExZTYtOGY4OC0zNDM2M2JjN2M0YzAiOnsiY3JlYXRlIjo2MDAwMDAwMDAwMDAsImRlbGV0ZSI6OTAwMDAwMDAwMDAwfSwic2NoZW1hX3ZlcnNpb24iOiIxIn0=",
          "dependencies": [
            "aws_vpc.main-vpc",
            "data.aws_caller_identity.current_account"
          ]
        }
      ]
    },
    {
      "mode": "managed",
      "type": "aws_security_group",
      "name": "rds-instance-sg",
      "provider": "provider[\"registry.terraform.io/hashicorp/aws\"]",
      "instances": [
        {
          "schema_version": 1,
          "attributes": {
            "arn": "arn:aws:ec2:us-east-1:315407446881:security-group/sg-0afedae26e58b1020",
            "description": "RDS Security Group",
            "egress": [],
            "id": "sg-0afedae26e58b1020",
            "ingress": [],
            "name": "RDS-sg",
            "name_prefix": "",
            "owner_id": "315407446881",
            "revoke_rules_on_delete": false,
            "tags": null,
            "tags_all": {},
            "timeouts": null,
            "vpc_id": "vpc-0e7a48750ccf7e1c7"
          },
          "sensitive_attributes": [],
          "private": "eyJlMmJmYjczMC1lY2FhLTExZTYtOGY4OC0zNDM2M2JjN2M0YzAiOnsiY3JlYXRlIjo2MDAwMDAwMDAwMDAsImRlbGV0ZSI6OTAwMDAwMDAwMDAwfSwic2NoZW1hX3ZlcnNpb24iOiIxIn0=",
          "dependencies": [
            "aws_vpc.main-vpc",
            "data.aws_caller_identity.current_account"
          ]
        }
      ]
    },
    {
      "mode": "managed",
      "type": "aws_security_group",
      "name": "server-lt-sg",
      "provider": "provider[\"registry.terraform.io/hashicorp/aws\"]",
      "instances": [
        {
          "schema_version": 1,
          "attributes": {
            "arn": "arn:aws:ec2:us-east-1:315407446881:security-group/sg-0c34f42e300afc45f",
            "description": "Launch Template Security Group",
            "egress": [],
            "id": "sg-0c34f42e300afc45f",
            "ingress": [],
            "name": "LaunchTemplate-SG",
            "name_prefix": "",
            "owner_id": "315407446881",
            "revoke_rules_on_delete": false,
            "tags": null,
            "tags_all": {},
            "timeouts": null,
            "vpc_id": "vpc-0e7a48750ccf7e1c7"
          },
          "sensitive_attributes": [],
          "private": "eyJlMmJmYjczMC1lY2FhLTExZTYtOGY4OC0zNDM2M2JjN2M0YzAiOnsiY3JlYXRlIjo2MDAwMDAwMDAwMDAsImRlbGV0ZSI6OTAwMDAwMDAwMDAwfSwic2NoZW1hX3ZlcnNpb24iOiIxIn0=",
          "dependencies": [
            "aws_vpc.main-vpc",
            "data.aws_caller_identity.current_account"
          ]
        }
      ]
    },
    {
      "mode": "managed",
      "type": "aws_security_group_rule",
      "name": "bastion-mysql-rule",
      "provider": "provider[\"registry.terraform.io/hashicorp/aws\"]",
      "instances": [
        {
          "schema_version": 2,
          "attributes": {
            "cidr_blocks": null,
            "description": null,
            "from_port": 3306,
            "id": "sgrule-3584601111",
            "ipv6_cidr_blocks": null,
            "prefix_list_ids": null,
            "protocol": "tcp",
            "security_group_id": "sg-0afedae26e58b1020",
            "security_group_rule_id": "sgr-014c9ffd89b1c5602",
            "self": false,
            "source_security_group_id": "sg-02f6558d9078c82d0",
            "timeouts": null,
            "to_port": 3306,
            "type": "ingress"
          },
          "sensitive_attributes": [],
          "private": "eyJlMmJmYjczMC1lY2FhLTExZTYtOGY4OC0zNDM2M2JjN2M0YzAiOnsiY3JlYXRlIjozMDAwMDAwMDAwMDB9LCJzY2hlbWFfdmVyc2lvbiI6IjIifQ==",
          "dependencies": [
            "aws_security_group.bastion-server-sg",
            "aws_security_group.rds-instance-sg",
            "aws_vpc.main-vpc",
            "data.aws_caller_identity.current_account"
          ]
        }
      ]
    },
    {
      "mode": "managed",
      "type": "aws_security_group_rule",
      "name": "efs-egress-rule",
      "provider": "provider[\"registry.terraform.io/hashicorp/aws\"]",
      "instances": [
        {
          "schema_version": 2,
          "attributes": {
            "cidr_blocks": [
              "0.0.0.0/0"
            ],
            "description": null,
            "from_port": 0,
            "id": "sgrule-4175057478",
            "ipv6_cidr_blocks": null,
            "prefix_list_ids": null,
            "protocol": "-1",
            "security_group_id": "sg-09551a3183fb77f38",
            "security_group_rule_id": "sgr-0696e9bac84380c6d",
            "self": false,
            "source_security_group_id": null,
            "timeouts": null,
            "to_port": 0,
            "type": "egress"
          },
          "sensitive_attributes": [],
          "private": "eyJlMmJmYjczMC1lY2FhLTExZTYtOGY4OC0zNDM2M2JjN2M0YzAiOnsiY3JlYXRlIjozMDAwMDAwMDAwMDB9LCJzY2hlbWFfdmVyc2lvbiI6IjIifQ==",
          "dependencies": [
            "aws_security_group.efs-sg",
            "aws_vpc.main-vpc",
            "data.aws_caller_identity.current_account"
          ]
        }
      ]
    },
    {
      "mode": "managed",
      "type": "aws_security_group_rule",
      "name": "efs-nfs-rule",
      "provider": "provider[\"registry.terraform.io/hashicorp/aws\"]",
      "instances": [
        {
          "schema_version": 2,
          "attributes": {
            "cidr_blocks": null,
            "description": null,
            "from_port": 2049,
            "id": "sgrule-2224747497",
            "ipv6_cidr_blocks": null,
            "prefix_list_ids": null,
            "protocol": "tcp",
            "security_group_id": "sg-09551a3183fb77f38",
            "security_group_rule_id": "sgr-0802c316aa36f2293",
            "self": false,
            "source_security_group_id": "sg-0c34f42e300afc45f",
            "timeouts": null,
            "to_port": 2049,
            "type": "ingress"
          },
          "sensitive_attributes": [],
          "private": "eyJlMmJmYjczMC1lY2FhLTExZTYtOGY4OC0zNDM2M2JjN2M0YzAiOnsiY3JlYXRlIjozMDAwMDAwMDAwMDB9LCJzY2hlbWFfdmVyc2lvbiI6IjIifQ==",
          "dependencies": [
            "aws_security_group.efs-sg",
            "aws_security_group.server-lt-sg",
            "aws_vpc.main-vpc",
            "data.aws_caller_identity.current_account"
          ]
        }
      ]
    },
    {
      "mode": "managed",
      "type": "aws_security_group_rule",
      "name": "egress-rule",
      "provider": "provider[\"registry.terraform.io/hashicorp/aws\"]",
      "instances": [
        {
          "schema_version": 2,
          "attributes": {
            "cidr_blocks": [
              "0.0.0.0/0"
            ],
            "description": null,
            "from_port": 0,
            "id": "sgrule-2891930223",
            "ipv6_cidr_blocks": null,
            "prefix_list_ids": null,
            "protocol": "-1",
            "security_group_id": "sg-02f6558d9078c82d0",
            "security_group_rule_id": "sgr-01a10f7108d90e5c1",
            "self": false,
            "source_security_group_id": null,
            "timeouts": null,
            "to_port": 0,
            "type": "egress"
          },
          "sensitive_attributes": [],
          "private": "eyJlMmJmYjczMC1lY2FhLTExZTYtOGY4OC0zNDM2M2JjN2M0YzAiOnsiY3JlYXRlIjozMDAwMDAwMDAwMDB9LCJzY2hlbWFfdmVyc2lvbiI6IjIifQ==",
          "dependencies": [
            "aws_security_group.bastion-server-sg",
            "aws_vpc.main-vpc",
            "data.aws_caller_identity.current_account"
          ]
        }
      ]
    },
    {
      "mode": "managed",
      "type": "aws_security_group_rule",
      "name": "elb-egress-rule",
      "provider": "provider[\"registry.terraform.io/hashicorp/aws\"]",
      "instances": [
        {
          "schema_version": 2,
          "attributes": {
            "cidr_blocks": [
              "0.0.0.0/0"
            ],
            "description": null,
            "from_port": 0,
            "id": "sgrule-3915329806",
            "ipv6_cidr_blocks": null,
            "prefix_list_ids": null,
            "protocol": "-1",
            "security_group_id": "sg-038f86457f10074ae",
            "security_group_rule_id": "sgr-05d561164a2935dd8",
            "self": false,
            "source_security_group_id": null,
            "timeouts": null,
            "to_port": 0,
            "type": "egress"
          },
          "sensitive_attributes": [],
          "private": "eyJlMmJmYjczMC1lY2FhLTExZTYtOGY4OC0zNDM2M2JjN2M0YzAiOnsiY3JlYXRlIjozMDAwMDAwMDAwMDB9LCJzY2hlbWFfdmVyc2lvbiI6IjIifQ==",
          "dependencies": [
            "aws_security_group.elb-sg",
            "aws_vpc.main-vpc",
            "data.aws_caller_identity.current_account"
          ]
        }
      ]
    },
    {
      "mode": "managed",
      "type": "aws_security_group_rule",
      "name": "elb-http-rule",
      "provider": "provider[\"registry.terraform.io/hashicorp/aws\"]",
      "instances": [
        {
          "schema_version": 2,
          "attributes": {
            "cidr_blocks": [
              "0.0.0.0/0"
            ],
            "description": null,
            "from_port": 80,
            "id": "sgrule-943843171",
            "ipv6_cidr_blocks": null,
            "prefix_list_ids": null,
            "protocol": "tcp",
            "security_group_id": "sg-038f86457f10074ae",
            "security_group_rule_id": "sgr-0d5fdc54a1bfecb96",
            "self": false,
            "source_security_group_id": null,
            "timeouts": null,
            "to_port": 80,
            "type": "ingress"
          },
          "sensitive_attributes": [],
          "private": "eyJlMmJmYjczMC1lY2FhLTExZTYtOGY4OC0zNDM2M2JjN2M0YzAiOnsiY3JlYXRlIjozMDAwMDAwMDAwMDB9LCJzY2hlbWFfdmVyc2lvbiI6IjIifQ==",
          "dependencies": [
            "aws_security_group.elb-sg",
            "aws_vpc.main-vpc",
            "data.aws_caller_identity.current_account"
          ]
        }
      ]
    },
    {
      "mode": "managed",
      "type": "aws_security_group_rule",
      "name": "elb-https-rule",
      "provider": "provider[\"registry.terraform.io/hashicorp/aws\"]",
      "instances": [
        {
          "schema_version": 2,
          "attributes": {
            "cidr_blocks": [
              "0.0.0.0/0"
            ],
            "description": null,
            "from_port": 443,
            "id": "sgrule-3600618764",
            "ipv6_cidr_blocks": null,
            "prefix_list_ids": null,
            "protocol": "tcp",
            "security_group_id": "sg-038f86457f10074ae",
            "security_group_rule_id": "sgr-094794cc0beb10180",
            "self": false,
            "source_security_group_id": null,
            "timeouts": null,
            "to_port": 443,
            "type": "ingress"
          },
          "sensitive_attributes": [],
          "private": "eyJlMmJmYjczMC1lY2FhLTExZTYtOGY4OC0zNDM2M2JjN2M0YzAiOnsiY3JlYXRlIjozMDAwMDAwMDAwMDB9LCJzY2hlbWFfdmVyc2lvbiI6IjIifQ==",
          "dependencies": [
            "aws_security_group.elb-sg",
            "aws_vpc.main-vpc",
            "data.aws_caller_identity.current_account"
          ]
        }
      ]
    },
    {
      "mode": "managed",
      "type": "aws_security_group_rule",
      "name": "http-rule",
      "provider": "provider[\"registry.terraform.io/hashicorp/aws\"]",
      "instances": [
        {
          "schema_version": 2,
          "attributes": {
            "cidr_blocks": [
              "0.0.0.0/0"
            ],
            "description": null,
            "from_port": 80,
            "id": "sgrule-1034061920",
            "ipv6_cidr_blocks": null,
            "prefix_list_ids": null,
            "protocol": "tcp",
            "security_group_id": "sg-02f6558d9078c82d0",
            "security_group_rule_id": "sgr-05829562bebf392e2",
            "self": false,
            "source_security_group_id": null,
            "timeouts": null,
            "to_port": 80,
            "type": "ingress"
          },
          "sensitive_attributes": [],
          "private": "eyJlMmJmYjczMC1lY2FhLTExZTYtOGY4OC0zNDM2M2JjN2M0YzAiOnsiY3JlYXRlIjozMDAwMDAwMDAwMDB9LCJzY2hlbWFfdmVyc2lvbiI6IjIifQ==",
          "dependencies": [
            "aws_security_group.bastion-server-sg",
            "aws_vpc.main-vpc",
            "data.aws_caller_identity.current_account"
          ]
        }
      ]
    },
    {
      "mode": "managed",
      "type": "aws_security_group_rule",
      "name": "https-rule",
      "provider": "provider[\"registry.terraform.io/hashicorp/aws\"]",
      "instances": [
        {
          "schema_version": 2,
          "attributes": {
            "cidr_blocks": [
              "0.0.0.0/0"
            ],
            "description": null,
            "from_port": 443,
            "id": "sgrule-549273573",
            "ipv6_cidr_blocks": null,
            "prefix_list_ids": null,
            "protocol": "tcp",
            "security_group_id": "sg-02f6558d9078c82d0",
            "security_group_rule_id": "sgr-0e8eb5de19ac70420",
            "self": false,
            "source_security_group_id": null,
            "timeouts": null,
            "to_port": 443,
            "type": "ingress"
          },
          "sensitive_attributes": [],
          "private": "eyJlMmJmYjczMC1lY2FhLTExZTYtOGY4OC0zNDM2M2JjN2M0YzAiOnsiY3JlYXRlIjozMDAwMDAwMDAwMDB9LCJzY2hlbWFfdmVyc2lvbiI6IjIifQ==",
          "dependencies": [
            "aws_security_group.bastion-server-sg",
            "aws_vpc.main-vpc",
            "data.aws_caller_identity.current_account"
          ]
        }
      ]
    },
    {
      "mode": "managed",
      "type": "aws_security_group_rule",
      "name": "lt-mysql-rule",
      "provider": "provider[\"registry.terraform.io/hashicorp/aws\"]",
      "instances": [
        {
          "schema_version": 2,
          "attributes": {
            "cidr_blocks": null,
            "description": null,
            "from_port": 3306,
            "id": "sgrule-1489667018",
            "ipv6_cidr_blocks": null,
            "prefix_list_ids": null,
            "protocol": "tcp",
            "security_group_id": "sg-0afedae26e58b1020",
            "security_group_rule_id": "sgr-02982f8352c7e61c3",
            "self": false,
            "source_security_group_id": "sg-0c34f42e300afc45f",
            "timeouts": null,
            "to_port": 3306,
            "type": "ingress"
          },
          "sensitive_attributes": [],
          "private": "eyJlMmJmYjczMC1lY2FhLTExZTYtOGY4OC0zNDM2M2JjN2M0YzAiOnsiY3JlYXRlIjozMDAwMDAwMDAwMDB9LCJzY2hlbWFfdmVyc2lvbiI6IjIifQ==",
          "dependencies": [
            "aws_security_group.rds-instance-sg",
            "aws_security_group.server-lt-sg",
            "aws_vpc.main-vpc",
            "data.aws_caller_identity.current_account"
          ]
        }
      ]
    },
    {
      "mode": "managed",
      "type": "aws_security_group_rule",
      "name": "rds-egress-rule",
      "provider": "provider[\"registry.terraform.io/hashicorp/aws\"]",
      "instances": [
        {
          "schema_version": 2,
          "attributes": {
            "cidr_blocks": [
              "0.0.0.0/0"
            ],
            "description": null,
            "from_port": 0,
            "id": "sgrule-2074457275",
            "ipv6_cidr_blocks": null,
            "prefix_list_ids": null,
            "protocol": "-1",
            "security_group_id": "sg-0afedae26e58b1020",
            "security_group_rule_id": "sgr-04b6605c98211a1b4",
            "self": false,
            "source_security_group_id": null,
            "timeouts": null,
            "to_port": 0,
            "type": "egress"
          },
          "sensitive_attributes": [],
          "private": "eyJlMmJmYjczMC1lY2FhLTExZTYtOGY4OC0zNDM2M2JjN2M0YzAiOnsiY3JlYXRlIjozMDAwMDAwMDAwMDB9LCJzY2hlbWFfdmVyc2lvbiI6IjIifQ==",
          "dependencies": [
            "aws_security_group.rds-instance-sg",
            "aws_vpc.main-vpc",
            "data.aws_caller_identity.current_account"
          ]
        }
      ]
    },
    {
      "mode": "managed",
      "type": "aws_security_group_rule",
      "name": "server-lt-egress-rule",
      "provider": "provider[\"registry.terraform.io/hashicorp/aws\"]",
      "instances": [
        {
          "schema_version": 2,
          "attributes": {
            "cidr_blocks": [
              "0.0.0.0/0"
            ],
            "description": null,
            "from_port": 0,
            "id": "sgrule-108572958",
            "ipv6_cidr_blocks": null,
            "prefix_list_ids": null,
            "protocol": "-1",
            "security_group_id": "sg-0c34f42e300afc45f",
            "security_group_rule_id": "sgr-0b7567bfcf10905ed",
            "self": false,
            "source_security_group_id": null,
            "timeouts": null,
            "to_port": 0,
            "type": "egress"
          },
          "sensitive_attributes": [],
          "private": "eyJlMmJmYjczMC1lY2FhLTExZTYtOGY4OC0zNDM2M2JjN2M0YzAiOnsiY3JlYXRlIjozMDAwMDAwMDAwMDB9LCJzY2hlbWFfdmVyc2lvbiI6IjIifQ==",
          "dependencies": [
            "aws_security_group.server-lt-sg",
            "aws_vpc.main-vpc",
            "data.aws_caller_identity.current_account"
          ]
        }
      ]
    },
    {
      "mode": "managed",
      "type": "aws_security_group_rule",
      "name": "server-lt-http-rule",
      "provider": "provider[\"registry.terraform.io/hashicorp/aws\"]",
      "instances": [
        {
          "schema_version": 2,
          "attributes": {
            "cidr_blocks": null,
            "description": null,
            "from_port": 80,
            "id": "sgrule-519486815",
            "ipv6_cidr_blocks": null,
            "prefix_list_ids": null,
            "protocol": "tcp",
            "security_group_id": "sg-0c34f42e300afc45f",
            "security_group_rule_id": "sgr-0628f6e61d5c77f4b",
            "self": false,
            "source_security_group_id": "sg-038f86457f10074ae",
            "timeouts": null,
            "to_port": 80,
            "type": "ingress"
          },
          "sensitive_attributes": [],
          "private": "eyJlMmJmYjczMC1lY2FhLTExZTYtOGY4OC0zNDM2M2JjN2M0YzAiOnsiY3JlYXRlIjozMDAwMDAwMDAwMDB9LCJzY2hlbWFfdmVyc2lvbiI6IjIifQ==",
          "dependencies": [
            "aws_security_group.elb-sg",
            "aws_security_group.server-lt-sg",
            "aws_vpc.main-vpc",
            "data.aws_caller_identity.current_account"
          ]
        }
      ]
    },
    {
      "mode": "managed",
      "type": "aws_security_group_rule",
      "name": "server-lt-https-rule",
      "provider": "provider[\"registry.terraform.io/hashicorp/aws\"]",
      "instances": [
        {
          "schema_version": 2,
          "attributes": {
            "cidr_blocks": null,
            "description": null,
            "from_port": 443,
            "id": "sgrule-971783935",
            "ipv6_cidr_blocks": null,
            "prefix_list_ids": null,
            "protocol": "tcp",
            "security_group_id": "sg-0c34f42e300afc45f",
            "security_group_rule_id": "sgr-05325977bb1c31653",
            "self": false,
            "source_security_group_id": "sg-038f86457f10074ae",
            "timeouts": null,
            "to_port": 443,
            "type": "ingress"
          },
          "sensitive_attributes": [],
          "private": "eyJlMmJmYjczMC1lY2FhLTExZTYtOGY4OC0zNDM2M2JjN2M0YzAiOnsiY3JlYXRlIjozMDAwMDAwMDAwMDB9LCJzY2hlbWFfdmVyc2lvbiI6IjIifQ==",
          "dependencies": [
            "aws_security_group.elb-sg",
            "aws_security_group.server-lt-sg",
            "aws_vpc.main-vpc",
            "data.aws_caller_identity.current_account"
          ]
        }
      ]
    },
    {
      "mode": "managed",
      "type": "aws_security_group_rule",
      "name": "server-lt-mysql-rule",
      "provider": "provider[\"registry.terraform.io/hashicorp/aws\"]",
      "instances": [
        {
          "schema_version": 2,
          "attributes": {
            "cidr_blocks": null,
            "description": null,
            "from_port": 3306,
            "id": "sgrule-3082325050",
            "ipv6_cidr_blocks": null,
            "prefix_list_ids": null,
            "protocol": "tcp",
            "security_group_id": "sg-0c34f42e300afc45f",
            "security_group_rule_id": "sgr-036a3c34eed8d03d7",
            "self": false,
            "source_security_group_id": "sg-0afedae26e58b1020",
            "timeouts": null,
            "to_port": 3306,
            "type": "ingress"
          },
          "sensitive_attributes": [],
          "private": "eyJlMmJmYjczMC1lY2FhLTExZTYtOGY4OC0zNDM2M2JjN2M0YzAiOnsiY3JlYXRlIjozMDAwMDAwMDAwMDB9LCJzY2hlbWFfdmVyc2lvbiI6IjIifQ==",
          "dependencies": [
            "aws_security_group.rds-instance-sg",
            "aws_security_group.server-lt-sg",
            "aws_vpc.main-vpc",
            "data.aws_caller_identity.current_account"
          ]
        }
      ]
    },
    {
      "mode": "managed",
      "type": "aws_security_group_rule",
      "name": "server-lt-nfs-rule",
      "provider": "provider[\"registry.terraform.io/hashicorp/aws\"]",
      "instances": [
        {
          "schema_version": 2,
          "attributes": {
            "cidr_blocks": null,
            "description": null,
            "from_port": 2049,
            "id": "sgrule-3661100871",
            "ipv6_cidr_blocks": null,
            "prefix_list_ids": null,
            "protocol": "tcp",
            "security_group_id": "sg-0c34f42e300afc45f",
            "security_group_rule_id": "sgr-0e4c505c1f3cafeb0",
            "self": false,
            "source_security_group_id": "sg-09551a3183fb77f38",
            "timeouts": null,
            "to_port": 2049,
            "type": "ingress"
          },
          "sensitive_attributes": [],
          "private": "eyJlMmJmYjczMC1lY2FhLTExZTYtOGY4OC0zNDM2M2JjN2M0YzAiOnsiY3JlYXRlIjozMDAwMDAwMDAwMDB9LCJzY2hlbWFfdmVyc2lvbiI6IjIifQ==",
          "dependencies": [
            "aws_security_group.efs-sg",
            "aws_security_group.server-lt-sg",
            "aws_vpc.main-vpc",
            "data.aws_caller_identity.current_account"
          ]
        }
      ]
    },
    {
      "mode": "managed",
      "type": "aws_security_group_rule",
      "name": "server-lt-ssh-rule",
      "provider": "provider[\"registry.terraform.io/hashicorp/aws\"]",
      "instances": [
        {
          "schema_version": 2,
          "attributes": {
            "cidr_blocks": null,
            "description": null,
            "from_port": 22,
            "id": "sgrule-1845147266",
            "ipv6_cidr_blocks": null,
            "prefix_list_ids": null,
            "protocol": "tcp",
            "security_group_id": "sg-0c34f42e300afc45f",
            "security_group_rule_id": "sgr-0dec462107de30b59",
            "self": false,
            "source_security_group_id": "sg-02f6558d9078c82d0",
            "timeouts": null,
            "to_port": 22,
            "type": "ingress"
          },
          "sensitive_attributes": [],
          "private": "eyJlMmJmYjczMC1lY2FhLTExZTYtOGY4OC0zNDM2M2JjN2M0YzAiOnsiY3JlYXRlIjozMDAwMDAwMDAwMDB9LCJzY2hlbWFfdmVyc2lvbiI6IjIifQ==",
          "dependencies": [
            "aws_security_group.bastion-server-sg",
            "aws_security_group.server-lt-sg",
            "aws_vpc.main-vpc",
            "data.aws_caller_identity.current_account"
          ]
        }
      ]
    },
    {
      "mode": "managed",
      "type": "aws_security_group_rule",
      "name": "ssh",
      "provider": "provider[\"registry.terraform.io/hashicorp/aws\"]",
      "instances": [
        {
          "schema_version": 2,
          "attributes": {
            "cidr_blocks": [
              "0.0.0.0/0"
            ],
            "description": null,
            "from_port": 22,
            "id": "sgrule-2334709205",
            "ipv6_cidr_blocks": null,
            "prefix_list_ids": null,
            "protocol": "tcp",
            "security_group_id": "sg-02f6558d9078c82d0",
            "security_group_rule_id": "sgr-07878cc9a18a911d3",
            "self": false,
            "source_security_group_id": null,
            "timeouts": null,
            "to_port": 22,
            "type": "ingress"
          },
          "sensitive_attributes": [],
          "private": "eyJlMmJmYjczMC1lY2FhLTExZTYtOGY4OC0zNDM2M2JjN2M0YzAiOnsiY3JlYXRlIjozMDAwMDAwMDAwMDB9LCJzY2hlbWFfdmVyc2lvbiI6IjIifQ==",
          "dependencies": [
            "aws_security_group.bastion-server-sg",
            "aws_vpc.main-vpc",
            "data.aws_caller_identity.current_account"
          ]
        }
      ]
    },
    {
      "mode": "managed",
      "type": "aws_subnet",
      "name": "app_server_private_az1",
      "provider": "provider[\"registry.terraform.io/hashicorp/aws\"]",
      "instances": [
        {
          "schema_version": 1,
          "attributes": {
            "arn": "arn:aws:ec2:us-east-1:315407446881:subnet/subnet-0033d7298f0b88186",
            "assign_ipv6_address_on_creation": false,
            "availability_zone": "us-east-1a",
            "availability_zone_id": "use1-az4",
            "cidr_block": "10.0.4.0/25",
            "customer_owned_ipv4_pool": "",
            "enable_dns64": false,
            "enable_resource_name_dns_a_record_on_launch": false,
            "enable_resource_name_dns_aaaa_record_on_launch": false,
            "id": "subnet-0033d7298f0b88186",
            "ipv6_cidr_block": "",
            "ipv6_cidr_block_association_id": "",
            "ipv6_native": false,
            "map_customer_owned_ip_on_launch": false,
            "map_public_ip_on_launch": false,
            "outpost_arn": "",
            "owner_id": "315407446881",
            "private_dns_hostname_type_on_launch": "ip-name",
            "tags": {
              "Name": "app_server_private_subnet_az1-dev"
            },
            "tags_all": {
              "Name": "app_server_private_subnet_az1-dev"
            },
            "timeouts": null,
            "vpc_id": "vpc-0e7a48750ccf7e1c7"
          },
          "sensitive_attributes": [],
          "private": "eyJlMmJmYjczMC1lY2FhLTExZTYtOGY4OC0zNDM2M2JjN2M0YzAiOnsiY3JlYXRlIjo2MDAwMDAwMDAwMDAsImRlbGV0ZSI6MTIwMDAwMDAwMDAwMH0sInNjaGVtYV92ZXJzaW9uIjoiMSJ9",
          "dependencies": [
            "aws_vpc.main-vpc",
            "data.aws_caller_identity.current_account"
          ]
        }
      ]
    },
    {
      "mode": "managed",
      "type": "aws_subnet",
      "name": "app_server_private_az2",
      "provider": "provider[\"registry.terraform.io/hashicorp/aws\"]",
      "instances": [
        {
          "schema_version": 1,
          "attributes": {
            "arn": "arn:aws:ec2:us-east-1:315407446881:subnet/subnet-027a431d5a2978f62",
            "assign_ipv6_address_on_creation": false,
            "availability_zone": "us-east-1b",
            "availability_zone_id": "use1-az6",
            "cidr_block": "10.0.4.128/25",
            "customer_owned_ipv4_pool": "",
            "enable_dns64": false,
            "enable_resource_name_dns_a_record_on_launch": false,
            "enable_resource_name_dns_aaaa_record_on_launch": false,
            "id": "subnet-027a431d5a2978f62",
            "ipv6_cidr_block": "",
            "ipv6_cidr_block_association_id": "",
            "ipv6_native": false,
            "map_customer_owned_ip_on_launch": false,
            "map_public_ip_on_launch": false,
            "outpost_arn": "",
            "owner_id": "315407446881",
            "private_dns_hostname_type_on_launch": "ip-name",
            "tags": {
              "Name": "app_server_private_subnet_az2-dev"
            },
            "tags_all": {
              "Name": "app_server_private_subnet_az2-dev"
            },
            "timeouts": null,
            "vpc_id": "vpc-0e7a48750ccf7e1c7"
          },
          "sensitive_attributes": [],
          "private": "eyJlMmJmYjczMC1lY2FhLTExZTYtOGY4OC0zNDM2M2JjN2M0YzAiOnsiY3JlYXRlIjo2MDAwMDAwMDAwMDAsImRlbGV0ZSI6MTIwMDAwMDAwMDAwMH0sInNjaGVtYV92ZXJzaW9uIjoiMSJ9",
          "dependencies": [
            "aws_vpc.main-vpc",
            "data.aws_caller_identity.current_account"
          ]
        }
      ]
    },
    {
      "mode": "managed",
      "type": "aws_subnet",
      "name": "public_az1",
      "provider": "provider[\"registry.terraform.io/hashicorp/aws\"]",
      "instances": [
        {
          "schema_version": 1,
          "attributes": {
            "arn": "arn:aws:ec2:us-east-1:315407446881:subnet/subnet-004d4b86c67cf8085",
            "assign_ipv6_address_on_creation": false,
            "availability_zone": "us-east-1a",
            "availability_zone_id": "use1-az4",
            "cidr_block": "10.0.0.0/23",
            "customer_owned_ipv4_pool": "",
            "enable_dns64": false,
            "enable_resource_name_dns_a_record_on_launch": false,
            "enable_resource_name_dns_aaaa_record_on_launch": false,
            "id": "subnet-004d4b86c67cf8085",
            "ipv6_cidr_block": "",
            "ipv6_cidr_block_association_id": "",
            "ipv6_native": false,
            "map_customer_owned_ip_on_launch": false,
            "map_public_ip_on_launch": false,
            "outpost_arn": "",
            "owner_id": "315407446881",
            "private_dns_hostname_type_on_launch": "ip-name",
            "tags": {
              "Name": "public_subnet_az1-dev"
            },
            "tags_all": {
              "Name": "public_subnet_az1-dev"
            },
            "timeouts": null,
            "vpc_id": "vpc-0e7a48750ccf7e1c7"
          },
          "sensitive_attributes": [],
          "private": "eyJlMmJmYjczMC1lY2FhLTExZTYtOGY4OC0zNDM2M2JjN2M0YzAiOnsiY3JlYXRlIjo2MDAwMDAwMDAwMDAsImRlbGV0ZSI6MTIwMDAwMDAwMDAwMH0sInNjaGVtYV92ZXJzaW9uIjoiMSJ9",
          "dependencies": [
            "aws_vpc.main-vpc",
            "data.aws_caller_identity.current_account"
          ],
          "create_before_destroy": true
        }
      ]
    },
    {
      "mode": "managed",
      "type": "aws_subnet",
      "name": "public_az2",
      "provider": "provider[\"registry.terraform.io/hashicorp/aws\"]",
      "instances": [
        {
          "schema_version": 1,
          "attributes": {
            "arn": "arn:aws:ec2:us-east-1:315407446881:subnet/subnet-0ffb2f9463d31a09e",
            "assign_ipv6_address_on_creation": false,
            "availability_zone": "us-east-1b",
            "availability_zone_id": "use1-az6",
            "cidr_block": "10.0.2.0/23",
            "customer_owned_ipv4_pool": "",
            "enable_dns64": false,
            "enable_resource_name_dns_a_record_on_launch": false,
            "enable_resource_name_dns_aaaa_record_on_launch": false,
            "id": "subnet-0ffb2f9463d31a09e",
            "ipv6_cidr_block": "",
            "ipv6_cidr_block_association_id": "",
            "ipv6_native": false,
            "map_customer_owned_ip_on_launch": false,
            "map_public_ip_on_launch": false,
            "outpost_arn": "",
            "owner_id": "315407446881",
            "private_dns_hostname_type_on_launch": "ip-name",
            "tags": {
              "Name": "public_subnet_az2-dev"
            },
            "tags_all": {
              "Name": "public_subnet_az2-dev"
            },
            "timeouts": null,
            "vpc_id": "vpc-0e7a48750ccf7e1c7"
          },
          "sensitive_attributes": [],
          "private": "eyJlMmJmYjczMC1lY2FhLTExZTYtOGY4OC0zNDM2M2JjN2M0YzAiOnsiY3JlYXRlIjo2MDAwMDAwMDAwMDAsImRlbGV0ZSI6MTIwMDAwMDAwMDAwMH0sInNjaGVtYV92ZXJzaW9uIjoiMSJ9",
          "dependencies": [
            "aws_vpc.main-vpc",
            "data.aws_caller_identity.current_account"
          ],
          "create_before_destroy": true
        }
      ]
    },
    {
      "mode": "managed",
      "type": "aws_subnet",
      "name": "rds_private_az1",
      "provider": "provider[\"registry.terraform.io/hashicorp/aws\"]",
      "instances": [
        {
          "schema_version": 1,
          "attributes": {
            "arn": "arn:aws:ec2:us-east-1:315407446881:subnet/subnet-0700e506b562dcb11",
            "assign_ipv6_address_on_creation": false,
            "availability_zone": "us-east-1a",
            "availability_zone_id": "use1-az4",
            "cidr_block": "10.0.8.0/22",
            "customer_owned_ipv4_pool": "",
            "enable_dns64": false,
            "enable_resource_name_dns_a_record_on_launch": false,
            "enable_resource_name_dns_aaaa_record_on_launch": false,
            "id": "subnet-0700e506b562dcb11",
            "ipv6_cidr_block": "",
            "ipv6_cidr_block_association_id": "",
            "ipv6_native": false,
            "map_customer_owned_ip_on_launch": false,
            "map_public_ip_on_launch": false,
            "outpost_arn": "",
            "owner_id": "315407446881",
            "private_dns_hostname_type_on_launch": "ip-name",
            "tags": {
              "Name": "rds_private_subnet_az1-dev"
            },
            "tags_all": {
              "Name": "rds_private_subnet_az1-dev"
            },
            "timeouts": null,
            "vpc_id": "vpc-0e7a48750ccf7e1c7"
          },
          "sensitive_attributes": [],
          "private": "eyJlMmJmYjczMC1lY2FhLTExZTYtOGY4OC0zNDM2M2JjN2M0YzAiOnsiY3JlYXRlIjo2MDAwMDAwMDAwMDAsImRlbGV0ZSI6MTIwMDAwMDAwMDAwMH0sInNjaGVtYV92ZXJzaW9uIjoiMSJ9",
          "dependencies": [
            "aws_vpc.main-vpc",
            "data.aws_caller_identity.current_account"
          ]
        }
      ]
    },
    {
      "mode": "managed",
      "type": "aws_subnet",
      "name": "rds_private_az2",
      "provider": "provider[\"registry.terraform.io/hashicorp/aws\"]",
      "instances": [
        {
          "schema_version": 1,
          "attributes": {
            "arn": "arn:aws:ec2:us-east-1:315407446881:subnet/subnet-0d4090dd5ed3fe60e",
            "assign_ipv6_address_on_creation": false,
            "availability_zone": "us-east-1b",
            "availability_zone_id": "use1-az6",
            "cidr_block": "10.0.12.0/22",
            "customer_owned_ipv4_pool": "",
            "enable_dns64": false,
            "enable_resource_name_dns_a_record_on_launch": false,
            "enable_resource_name_dns_aaaa_record_on_launch": false,
            "id": "subnet-0d4090dd5ed3fe60e",
            "ipv6_cidr_block": "",
            "ipv6_cidr_block_association_id": "",
            "ipv6_native": false,
            "map_customer_owned_ip_on_launch": false,
            "map_public_ip_on_launch": false,
            "outpost_arn": "",
            "owner_id": "315407446881",
            "private_dns_hostname_type_on_launch": "ip-name",
            "tags": {
              "Name": "rds_private_subnet_az2-dev"
            },
            "tags_all": {
              "Name": "rds_private_subnet_az2-dev"
            },
            "timeouts": null,
            "vpc_id": "vpc-0e7a48750ccf7e1c7"
          },
          "sensitive_attributes": [],
          "private": "eyJlMmJmYjczMC1lY2FhLTExZTYtOGY4OC0zNDM2M2JjN2M0YzAiOnsiY3JlYXRlIjo2MDAwMDAwMDAwMDAsImRlbGV0ZSI6MTIwMDAwMDAwMDAwMH0sInNjaGVtYV92ZXJzaW9uIjoiMSJ9",
          "dependencies": [
            "aws_vpc.main-vpc",
            "data.aws_caller_identity.current_account"
          ]
        }
      ]
    },
    {
      "mode": "managed",
      "type": "aws_vpc",
      "name": "main-vpc",
      "provider": "provider[\"registry.terraform.io/hashicorp/aws\"]",
      "instances": [
        {
          "schema_version": 1,
          "attributes": {
            "arn": "arn:aws:ec2:us-east-1:315407446881:vpc/vpc-0e7a48750ccf7e1c7",
            "assign_generated_ipv6_cidr_block": false,
            "cidr_block": "10.0.0.0/16",
            "default_network_acl_id": "acl-0a4718ed825c4d57c",
            "default_route_table_id": "rtb-0562c9dd576091245",
            "default_security_group_id": "sg-0d52310b104ca8958",
            "dhcp_options_id": "dopt-0540daa24c00dd33f",
            "enable_classiclink": false,
            "enable_classiclink_dns_support": false,
            "enable_dns_hostnames": true,
            "enable_dns_support": true,
            "enable_network_address_usage_metrics": false,
            "id": "vpc-0e7a48750ccf7e1c7",
            "instance_tenancy": "default",
            "ipv4_ipam_pool_id": null,
            "ipv4_netmask_length": null,
            "ipv6_association_id": "",
            "ipv6_cidr_block": "",
            "ipv6_cidr_block_network_border_group": "",
            "ipv6_ipam_pool_id": "",
            "ipv6_netmask_length": 0,
            "main_route_table_id": "rtb-0562c9dd576091245",
            "owner_id": "315407446881",
            "tags": {
              "Backup": "Yes",
              "Name": "main-vpc-dev",
              "OwnerEmail": "omoyeni982@gmail.com",
              "Schedule": "A",
              "Stackteam": "stackcloud9"
            },
            "tags_all": {
              "Backup": "Yes",
              "Name": "main-vpc-dev",
              "OwnerEmail": "omoyeni982@gmail.com",
              "Schedule": "A",
              "Stackteam": "stackcloud9"
            }
          },
          "sensitive_attributes": [],
          "private": "eyJzY2hlbWFfdmVyc2lvbiI6IjEifQ==",
          "dependencies": [
            "data.aws_caller_identity.current_account"
          ],
          "create_before_destroy": true
        }
      ]
    }
  ],
  "check_results": null
}
